// !$*UTF8*$!
{
	archiveVersion = 1;
	classes = {
	};
	objectVersion = 56;
	objects = {

/* Begin PBXBuildFile section */
		0B27D429291708E200CB53CF /* SnapKit in Frameworks */ = {isa = PBXBuildFile; productRef = 0B27D428291708E200CB53CF /* SnapKit */; };
		0B36A87B2909A2CA00E48F80 /* OnboardingViewController.swift in Sources */ = {isa = PBXBuildFile; fileRef = 0B36A8792909A2CA00E48F80 /* OnboardingViewController.swift */; };
		0B36A87C2909A2CA00E48F80 /* OnboardingViewController.xib in Resources */ = {isa = PBXBuildFile; fileRef = 0B36A87A2909A2CA00E48F80 /* OnboardingViewController.xib */; };
		0B36A87E2909A76200E48F80 /* OnboardingView.swift in Sources */ = {isa = PBXBuildFile; fileRef = 0B36A87D2909A76200E48F80 /* OnboardingView.swift */; };
		0B36A8802909A78200E48F80 /* OnboardingView.xib in Resources */ = {isa = PBXBuildFile; fileRef = 0B36A87F2909A78200E48F80 /* OnboardingView.xib */; };
		0B36A884290ACFC300E48F80 /* AuthViewController.swift in Sources */ = {isa = PBXBuildFile; fileRef = 0B36A882290ACFC300E48F80 /* AuthViewController.swift */; };
		0B36A885290ACFC300E48F80 /* AuthViewController.xib in Resources */ = {isa = PBXBuildFile; fileRef = 0B36A883290ACFC300E48F80 /* AuthViewController.xib */; };
		0B61EAE02914F8C4005777A5 /* ProfileView.swift in Sources */ = {isa = PBXBuildFile; fileRef = 0B61EADF2914F8C4005777A5 /* ProfileView.swift */; };
		0B61EAE52914F902005777A5 /* ProfileViewController.swift in Sources */ = {isa = PBXBuildFile; fileRef = 0B61EAE42914F902005777A5 /* ProfileViewController.swift */; };
		0B61EAE72914F911005777A5 /* ProfileViewModel.swift in Sources */ = {isa = PBXBuildFile; fileRef = 0B61EAE62914F911005777A5 /* ProfileViewModel.swift */; };
		0B891B36290AD6080030517C /* SignUpView.swift in Sources */ = {isa = PBXBuildFile; fileRef = 0B891B35290AD6080030517C /* SignUpView.swift */; };
		0B891B38290AD6130030517C /* SignInView.swift in Sources */ = {isa = PBXBuildFile; fileRef = 0B891B37290AD6130030517C /* SignInView.swift */; };
		0B891B3A290AD6210030517C /* SignInView.xib in Resources */ = {isa = PBXBuildFile; fileRef = 0B891B39290AD6210030517C /* SignInView.xib */; };
		0B891B3C290AD62C0030517C /* SignUpView.xib in Resources */ = {isa = PBXBuildFile; fileRef = 0B891B3B290AD62C0030517C /* SignUpView.xib */; };
		0B891B3F290AD69C0030517C /* SAView.swift in Sources */ = {isa = PBXBuildFile; fileRef = 0B891B3E290AD69C0030517C /* SAView.swift */; };
		0B891B42290AD8E20030517C /* SATextView.swift in Sources */ = {isa = PBXBuildFile; fileRef = 0B891B41290AD8E20030517C /* SATextView.swift */; };
		0B891B45290AD9160030517C /* SATextView.xib in Resources */ = {isa = PBXBuildFile; fileRef = 0B891B44290AD9160030517C /* SATextView.xib */; };
		0BAF13FD2917258100801F9D /* BasketView.swift in Sources */ = {isa = PBXBuildFile; fileRef = 0BAF13FC2917258100801F9D /* BasketView.swift */; };
		0BAF13FF291725B800801F9D /* BasketTableViewCell.swift in Sources */ = {isa = PBXBuildFile; fileRef = 0BAF13FE291725B800801F9D /* BasketTableViewCell.swift */; };
		0BAF14012917354F00801F9D /* BasketViewController.swift in Sources */ = {isa = PBXBuildFile; fileRef = 0BAF14002917354F00801F9D /* BasketViewController.swift */; };
		0BAF14032917364200801F9D /* BasketViewModel.swift in Sources */ = {isa = PBXBuildFile; fileRef = 0BAF14022917364200801F9D /* BasketViewModel.swift */; };
		0BBC71CB2918ACAC00E469B2 /* IQKeyboardManagerSwift in Frameworks */ = {isa = PBXBuildFile; productRef = 0BBC71CA2918ACAC00E469B2 /* IQKeyboardManagerSwift */; };
		0BE2F5E32909534500E2AA92 /* AppDelegate.swift in Sources */ = {isa = PBXBuildFile; fileRef = 0BE2F5E22909534500E2AA92 /* AppDelegate.swift */; };
		0BE2F5E52909534500E2AA92 /* SceneDelegate.swift in Sources */ = {isa = PBXBuildFile; fileRef = 0BE2F5E42909534500E2AA92 /* SceneDelegate.swift */; };
		0BE2F5E72909534500E2AA92 /* ViewController.swift in Sources */ = {isa = PBXBuildFile; fileRef = 0BE2F5E62909534500E2AA92 /* ViewController.swift */; };
		0BE2F5EA2909534500E2AA92 /* Main.storyboard in Resources */ = {isa = PBXBuildFile; fileRef = 0BE2F5E82909534500E2AA92 /* Main.storyboard */; };
		0BE2F5EC2909534600E2AA92 /* Assets.xcassets in Resources */ = {isa = PBXBuildFile; fileRef = 0BE2F5EB2909534600E2AA92 /* Assets.xcassets */; };
		0BE2F5EF2909534600E2AA92 /* LaunchScreen.storyboard in Resources */ = {isa = PBXBuildFile; fileRef = 0BE2F5ED2909534600E2AA92 /* LaunchScreen.storyboard */; };
		0BE2F5FA2909534600E2AA92 /* ShoppingAppTests.swift in Sources */ = {isa = PBXBuildFile; fileRef = 0BE2F5F92909534600E2AA92 /* ShoppingAppTests.swift */; };
		0BE2F6042909534600E2AA92 /* ShoppingAppUITests.swift in Sources */ = {isa = PBXBuildFile; fileRef = 0BE2F6032909534600E2AA92 /* ShoppingAppUITests.swift */; };
		0BE2F6062909534600E2AA92 /* ShoppingAppUITestsLaunchTests.swift in Sources */ = {isa = PBXBuildFile; fileRef = 0BE2F6052909534600E2AA92 /* ShoppingAppUITestsLaunchTests.swift */; };
		0BE6E961290C507B00AFCE91 /* User.swift in Sources */ = {isa = PBXBuildFile; fileRef = 0BE6E960290C507B00AFCE91 /* User.swift */; };
		0BE6E963290C50BC00AFCE91 /* AuthViewModel.swift in Sources */ = {isa = PBXBuildFile; fileRef = 0BE6E962290C50BC00AFCE91 /* AuthViewModel.swift */; };
		0BE6E967290C522800AFCE91 /* FirebaseAuth in Frameworks */ = {isa = PBXBuildFile; productRef = 0BE6E966290C522800AFCE91 /* FirebaseAuth */; };
		0BE6E969290C522800AFCE91 /* FirebaseFirestoreSwift in Frameworks */ = {isa = PBXBuildFile; productRef = 0BE6E968290C522800AFCE91 /* FirebaseFirestoreSwift */; };
		0BE6E96B290C522800AFCE91 /* FirebaseRemoteConfigSwift in Frameworks */ = {isa = PBXBuildFile; productRef = 0BE6E96A290C522800AFCE91 /* FirebaseRemoteConfigSwift */; };
		0BE6E96D290C522800AFCE91 /* FirebaseStorage in Frameworks */ = {isa = PBXBuildFile; productRef = 0BE6E96C290C522800AFCE91 /* FirebaseStorage */; };
		0BE6E970290C53FC00AFCE91 /* Encodable+Extensions.swift in Sources */ = {isa = PBXBuildFile; fileRef = 0BE6E96F290C53FC00AFCE91 /* Encodable+Extensions.swift */; };
		0BE6E972290C541200AFCE91 /* UserDefaultsAccesible.swift in Sources */ = {isa = PBXBuildFile; fileRef = 0BE6E971290C541200AFCE91 /* UserDefaultsAccesible.swift */; };
		0BE6E974290C542A00AFCE91 /* FireBaseFireStoreAccesible.swift in Sources */ = {isa = PBXBuildFile; fileRef = 0BE6E973290C542A00AFCE91 /* FireBaseFireStoreAccesible.swift */; };
		0BE6E977290C545800AFCE91 /* UserDefaultConstants.swift in Sources */ = {isa = PBXBuildFile; fileRef = 0BE6E976290C545800AFCE91 /* UserDefaultConstants.swift */; };
		0BE6E97A290C547C00AFCE91 /* AlertPresentable.swift in Sources */ = {isa = PBXBuildFile; fileRef = 0BE6E979290C547C00AFCE91 /* AlertPresentable.swift */; };
		0BE6E97D290C54B400AFCE91 /* FakeStoreAPI.swift in Sources */ = {isa = PBXBuildFile; fileRef = 0BE6E97C290C54B400AFCE91 /* FakeStoreAPI.swift */; };
		0BE6E97F290C560100AFCE91 /* SAViewController.swift in Sources */ = {isa = PBXBuildFile; fileRef = 0BE6E97E290C560100AFCE91 /* SAViewController.swift */; };
		0BE6E981290C562300AFCE91 /* SAViewModel.swift in Sources */ = {isa = PBXBuildFile; fileRef = 0BE6E980290C562300AFCE91 /* SAViewModel.swift */; };
		0BE6E983290C7BE600AFCE91 /* GoogleService-Info.plist in Resources */ = {isa = PBXBuildFile; fileRef = 0BE6E982290C7BE600AFCE91 /* GoogleService-Info.plist */; };
		0BE6E989290C904F00AFCE91 /* ProductsViewController.swift in Sources */ = {isa = PBXBuildFile; fileRef = 0BE6E987290C904F00AFCE91 /* ProductsViewController.swift */; };
		0BE6E98D290D7BF900AFCE91 /* MainTabBarController.swift in Sources */ = {isa = PBXBuildFile; fileRef = 0BE6E98C290D7BF900AFCE91 /* MainTabBarController.swift */; };
		0BE6E98F29100DD700AFCE91 /* ProductsView.swift in Sources */ = {isa = PBXBuildFile; fileRef = 0BE6E98E29100DD700AFCE91 /* ProductsView.swift */; };
		0BE6E99129100E7200AFCE91 /* ProductsCollectionViewCell.swift in Sources */ = {isa = PBXBuildFile; fileRef = 0BE6E99029100E7200AFCE91 /* ProductsCollectionViewCell.swift */; };
		0BE6E9942910103F00AFCE91 /* DetailView.swift in Sources */ = {isa = PBXBuildFile; fileRef = 0BE6E9932910103F00AFCE91 /* DetailView.swift */; };
		0BE6E9962910107500AFCE91 /* DetailViewController.swift in Sources */ = {isa = PBXBuildFile; fileRef = 0BE6E9952910107500AFCE91 /* DetailViewController.swift */; };
		0BE6E99A29102D6900AFCE91 /* Product.swift in Sources */ = {isa = PBXBuildFile; fileRef = 0BE6E99929102D6900AFCE91 /* Product.swift */; };
		0BE6E99D2910341F00AFCE91 /* Kingfisher in Frameworks */ = {isa = PBXBuildFile; productRef = 0BE6E99C2910341F00AFCE91 /* Kingfisher */; };
		0BE6E99F2910393500AFCE91 /* ProductsViewModel.swift in Sources */ = {isa = PBXBuildFile; fileRef = 0BE6E99E2910393500AFCE91 /* ProductsViewModel.swift */; };
		0BE6E9A229103ABA00AFCE91 /* Moya in Frameworks */ = {isa = PBXBuildFile; productRef = 0BE6E9A129103ABA00AFCE91 /* Moya */; };
		0BE6E9A42912DB2100AFCE91 /* UIButton+Extensions.swift in Sources */ = {isa = PBXBuildFile; fileRef = 0BE6E9A32912DB2100AFCE91 /* UIButton+Extensions.swift */; };
		0BE6E9AA291305BF00AFCE91 /* SearchViewModel.swift in Sources */ = {isa = PBXBuildFile; fileRef = 0BE6E9A9291305BF00AFCE91 /* SearchViewModel.swift */; };
		0BE6E9AC291305CA00AFCE91 /* SearchViewController.swift in Sources */ = {isa = PBXBuildFile; fileRef = 0BE6E9AB291305CA00AFCE91 /* SearchViewController.swift */; };
		0BE6E9AE291305E900AFCE91 /* SearchView.swift in Sources */ = {isa = PBXBuildFile; fileRef = 0BE6E9AD291305E900AFCE91 /* SearchView.swift */; };
		0BE6E9B029133B3D00AFCE91 /* SearchTableViewCell.swift in Sources */ = {isa = PBXBuildFile; fileRef = 0BE6E9AF29133B3D00AFCE91 /* SearchTableViewCell.swift */; };
/* End PBXBuildFile section */

/* Begin PBXContainerItemProxy section */
		0BE2F5F62909534600E2AA92 /* PBXContainerItemProxy */ = {
			isa = PBXContainerItemProxy;
			containerPortal = 0BE2F5D72909534500E2AA92 /* Project object */;
			proxyType = 1;
			remoteGlobalIDString = 0BE2F5DE2909534500E2AA92;
			remoteInfo = ShoppingApp;
		};
		0BE2F6002909534600E2AA92 /* PBXContainerItemProxy */ = {
			isa = PBXContainerItemProxy;
			containerPortal = 0BE2F5D72909534500E2AA92 /* Project object */;
			proxyType = 1;
			remoteGlobalIDString = 0BE2F5DE2909534500E2AA92;
			remoteInfo = ShoppingApp;
		};
/* End PBXContainerItemProxy section */

/* Begin PBXFileReference section */
		0B36A8792909A2CA00E48F80 /* OnboardingViewController.swift */ = {isa = PBXFileReference; lastKnownFileType = sourcecode.swift; path = OnboardingViewController.swift; sourceTree = "<group>"; };
		0B36A87A2909A2CA00E48F80 /* OnboardingViewController.xib */ = {isa = PBXFileReference; lastKnownFileType = file.xib; path = OnboardingViewController.xib; sourceTree = "<group>"; };
		0B36A87D2909A76200E48F80 /* OnboardingView.swift */ = {isa = PBXFileReference; lastKnownFileType = sourcecode.swift; path = OnboardingView.swift; sourceTree = "<group>"; };
		0B36A87F2909A78200E48F80 /* OnboardingView.xib */ = {isa = PBXFileReference; lastKnownFileType = file.xib; path = OnboardingView.xib; sourceTree = "<group>"; };
		0B36A882290ACFC300E48F80 /* AuthViewController.swift */ = {isa = PBXFileReference; lastKnownFileType = sourcecode.swift; path = AuthViewController.swift; sourceTree = "<group>"; };
		0B36A883290ACFC300E48F80 /* AuthViewController.xib */ = {isa = PBXFileReference; lastKnownFileType = file.xib; path = AuthViewController.xib; sourceTree = "<group>"; };
		0B61EADF2914F8C4005777A5 /* ProfileView.swift */ = {isa = PBXFileReference; lastKnownFileType = sourcecode.swift; path = ProfileView.swift; sourceTree = "<group>"; };
		0B61EAE42914F902005777A5 /* ProfileViewController.swift */ = {isa = PBXFileReference; lastKnownFileType = sourcecode.swift; path = ProfileViewController.swift; sourceTree = "<group>"; };
		0B61EAE62914F911005777A5 /* ProfileViewModel.swift */ = {isa = PBXFileReference; lastKnownFileType = sourcecode.swift; path = ProfileViewModel.swift; sourceTree = "<group>"; };
		0B891B35290AD6080030517C /* SignUpView.swift */ = {isa = PBXFileReference; lastKnownFileType = sourcecode.swift; path = SignUpView.swift; sourceTree = "<group>"; };
		0B891B37290AD6130030517C /* SignInView.swift */ = {isa = PBXFileReference; lastKnownFileType = sourcecode.swift; path = SignInView.swift; sourceTree = "<group>"; };
		0B891B39290AD6210030517C /* SignInView.xib */ = {isa = PBXFileReference; lastKnownFileType = file.xib; path = SignInView.xib; sourceTree = "<group>"; };
		0B891B3B290AD62C0030517C /* SignUpView.xib */ = {isa = PBXFileReference; lastKnownFileType = file.xib; path = SignUpView.xib; sourceTree = "<group>"; };
		0B891B3E290AD69C0030517C /* SAView.swift */ = {isa = PBXFileReference; lastKnownFileType = sourcecode.swift; path = SAView.swift; sourceTree = "<group>"; };
		0B891B41290AD8E20030517C /* SATextView.swift */ = {isa = PBXFileReference; lastKnownFileType = sourcecode.swift; path = SATextView.swift; sourceTree = "<group>"; };
		0B891B44290AD9160030517C /* SATextView.xib */ = {isa = PBXFileReference; lastKnownFileType = file.xib; path = SATextView.xib; sourceTree = "<group>"; };
		0BAF13FC2917258100801F9D /* BasketView.swift */ = {isa = PBXFileReference; lastKnownFileType = sourcecode.swift; path = BasketView.swift; sourceTree = "<group>"; };
		0BAF13FE291725B800801F9D /* BasketTableViewCell.swift */ = {isa = PBXFileReference; lastKnownFileType = sourcecode.swift; path = BasketTableViewCell.swift; sourceTree = "<group>"; };
		0BAF14002917354F00801F9D /* BasketViewController.swift */ = {isa = PBXFileReference; lastKnownFileType = sourcecode.swift; path = BasketViewController.swift; sourceTree = "<group>"; };
		0BAF14022917364200801F9D /* BasketViewModel.swift */ = {isa = PBXFileReference; lastKnownFileType = sourcecode.swift; path = BasketViewModel.swift; sourceTree = "<group>"; };
		0BE2F5DF2909534500E2AA92 /* ShoppingApp.app */ = {isa = PBXFileReference; explicitFileType = wrapper.application; includeInIndex = 0; path = ShoppingApp.app; sourceTree = BUILT_PRODUCTS_DIR; };
		0BE2F5E22909534500E2AA92 /* AppDelegate.swift */ = {isa = PBXFileReference; lastKnownFileType = sourcecode.swift; path = AppDelegate.swift; sourceTree = "<group>"; };
		0BE2F5E42909534500E2AA92 /* SceneDelegate.swift */ = {isa = PBXFileReference; lastKnownFileType = sourcecode.swift; path = SceneDelegate.swift; sourceTree = "<group>"; };
		0BE2F5E62909534500E2AA92 /* ViewController.swift */ = {isa = PBXFileReference; lastKnownFileType = sourcecode.swift; path = ViewController.swift; sourceTree = "<group>"; };
		0BE2F5E92909534500E2AA92 /* Base */ = {isa = PBXFileReference; lastKnownFileType = file.storyboard; name = Base; path = Base.lproj/Main.storyboard; sourceTree = "<group>"; };
		0BE2F5EB2909534600E2AA92 /* Assets.xcassets */ = {isa = PBXFileReference; lastKnownFileType = folder.assetcatalog; path = Assets.xcassets; sourceTree = "<group>"; };
		0BE2F5EE2909534600E2AA92 /* Base */ = {isa = PBXFileReference; lastKnownFileType = file.storyboard; name = Base; path = Base.lproj/LaunchScreen.storyboard; sourceTree = "<group>"; };
		0BE2F5F02909534600E2AA92 /* Info.plist */ = {isa = PBXFileReference; lastKnownFileType = text.plist.xml; path = Info.plist; sourceTree = "<group>"; };
		0BE2F5F52909534600E2AA92 /* ShoppingAppTests.xctest */ = {isa = PBXFileReference; explicitFileType = wrapper.cfbundle; includeInIndex = 0; path = ShoppingAppTests.xctest; sourceTree = BUILT_PRODUCTS_DIR; };
		0BE2F5F92909534600E2AA92 /* ShoppingAppTests.swift */ = {isa = PBXFileReference; lastKnownFileType = sourcecode.swift; path = ShoppingAppTests.swift; sourceTree = "<group>"; };
		0BE2F5FF2909534600E2AA92 /* ShoppingAppUITests.xctest */ = {isa = PBXFileReference; explicitFileType = wrapper.cfbundle; includeInIndex = 0; path = ShoppingAppUITests.xctest; sourceTree = BUILT_PRODUCTS_DIR; };
		0BE2F6032909534600E2AA92 /* ShoppingAppUITests.swift */ = {isa = PBXFileReference; lastKnownFileType = sourcecode.swift; path = ShoppingAppUITests.swift; sourceTree = "<group>"; };
		0BE2F6052909534600E2AA92 /* ShoppingAppUITestsLaunchTests.swift */ = {isa = PBXFileReference; lastKnownFileType = sourcecode.swift; path = ShoppingAppUITestsLaunchTests.swift; sourceTree = "<group>"; };
		0BE6E960290C507B00AFCE91 /* User.swift */ = {isa = PBXFileReference; lastKnownFileType = sourcecode.swift; path = User.swift; sourceTree = "<group>"; };
		0BE6E962290C50BC00AFCE91 /* AuthViewModel.swift */ = {isa = PBXFileReference; lastKnownFileType = sourcecode.swift; path = AuthViewModel.swift; sourceTree = "<group>"; };
		0BE6E96F290C53FC00AFCE91 /* Encodable+Extensions.swift */ = {isa = PBXFileReference; lastKnownFileType = sourcecode.swift; path = "Encodable+Extensions.swift"; sourceTree = "<group>"; };
		0BE6E971290C541200AFCE91 /* UserDefaultsAccesible.swift */ = {isa = PBXFileReference; lastKnownFileType = sourcecode.swift; path = UserDefaultsAccesible.swift; sourceTree = "<group>"; };
		0BE6E973290C542A00AFCE91 /* FireBaseFireStoreAccesible.swift */ = {isa = PBXFileReference; lastKnownFileType = sourcecode.swift; path = FireBaseFireStoreAccesible.swift; sourceTree = "<group>"; };
		0BE6E976290C545800AFCE91 /* UserDefaultConstants.swift */ = {isa = PBXFileReference; lastKnownFileType = sourcecode.swift; path = UserDefaultConstants.swift; sourceTree = "<group>"; };
		0BE6E979290C547C00AFCE91 /* AlertPresentable.swift */ = {isa = PBXFileReference; lastKnownFileType = sourcecode.swift; path = AlertPresentable.swift; sourceTree = "<group>"; };
		0BE6E97C290C54B400AFCE91 /* FakeStoreAPI.swift */ = {isa = PBXFileReference; lastKnownFileType = sourcecode.swift; path = FakeStoreAPI.swift; sourceTree = "<group>"; };
		0BE6E97E290C560100AFCE91 /* SAViewController.swift */ = {isa = PBXFileReference; lastKnownFileType = sourcecode.swift; path = SAViewController.swift; sourceTree = "<group>"; };
		0BE6E980290C562300AFCE91 /* SAViewModel.swift */ = {isa = PBXFileReference; lastKnownFileType = sourcecode.swift; path = SAViewModel.swift; sourceTree = "<group>"; };
		0BE6E982290C7BE600AFCE91 /* GoogleService-Info.plist */ = {isa = PBXFileReference; fileEncoding = 4; lastKnownFileType = text.plist.xml; path = "GoogleService-Info.plist"; sourceTree = "<group>"; };
		0BE6E987290C904F00AFCE91 /* ProductsViewController.swift */ = {isa = PBXFileReference; lastKnownFileType = sourcecode.swift; path = ProductsViewController.swift; sourceTree = "<group>"; };
		0BE6E98C290D7BF900AFCE91 /* MainTabBarController.swift */ = {isa = PBXFileReference; lastKnownFileType = sourcecode.swift; path = MainTabBarController.swift; sourceTree = "<group>"; };
		0BE6E98E29100DD700AFCE91 /* ProductsView.swift */ = {isa = PBXFileReference; lastKnownFileType = sourcecode.swift; path = ProductsView.swift; sourceTree = "<group>"; };
		0BE6E99029100E7200AFCE91 /* ProductsCollectionViewCell.swift */ = {isa = PBXFileReference; lastKnownFileType = sourcecode.swift; path = ProductsCollectionViewCell.swift; sourceTree = "<group>"; };
		0BE6E9932910103F00AFCE91 /* DetailView.swift */ = {isa = PBXFileReference; lastKnownFileType = sourcecode.swift; path = DetailView.swift; sourceTree = "<group>"; };
		0BE6E9952910107500AFCE91 /* DetailViewController.swift */ = {isa = PBXFileReference; lastKnownFileType = sourcecode.swift; path = DetailViewController.swift; sourceTree = "<group>"; };
		0BE6E99929102D6900AFCE91 /* Product.swift */ = {isa = PBXFileReference; lastKnownFileType = sourcecode.swift; path = Product.swift; sourceTree = "<group>"; };
		0BE6E99E2910393500AFCE91 /* ProductsViewModel.swift */ = {isa = PBXFileReference; lastKnownFileType = sourcecode.swift; path = ProductsViewModel.swift; sourceTree = "<group>"; };
		0BE6E9A32912DB2100AFCE91 /* UIButton+Extensions.swift */ = {isa = PBXFileReference; lastKnownFileType = sourcecode.swift; path = "UIButton+Extensions.swift"; sourceTree = "<group>"; };
		0BE6E9A9291305BF00AFCE91 /* SearchViewModel.swift */ = {isa = PBXFileReference; lastKnownFileType = sourcecode.swift; path = SearchViewModel.swift; sourceTree = "<group>"; };
		0BE6E9AB291305CA00AFCE91 /* SearchViewController.swift */ = {isa = PBXFileReference; lastKnownFileType = sourcecode.swift; path = SearchViewController.swift; sourceTree = "<group>"; };
		0BE6E9AD291305E900AFCE91 /* SearchView.swift */ = {isa = PBXFileReference; lastKnownFileType = sourcecode.swift; path = SearchView.swift; sourceTree = "<group>"; };
		0BE6E9AF29133B3D00AFCE91 /* SearchTableViewCell.swift */ = {isa = PBXFileReference; lastKnownFileType = sourcecode.swift; path = SearchTableViewCell.swift; sourceTree = "<group>"; };
/* End PBXFileReference section */

/* Begin PBXFrameworksBuildPhase section */
		0BE2F5DC2909534500E2AA92 /* Frameworks */ = {
			isa = PBXFrameworksBuildPhase;
			buildActionMask = 2147483647;
			files = (
				0BE6E99D2910341F00AFCE91 /* Kingfisher in Frameworks */,
				0BBC71CB2918ACAC00E469B2 /* IQKeyboardManagerSwift in Frameworks */,
				0B27D429291708E200CB53CF /* SnapKit in Frameworks */,
				0BE6E96B290C522800AFCE91 /* FirebaseRemoteConfigSwift in Frameworks */,
				0BE6E967290C522800AFCE91 /* FirebaseAuth in Frameworks */,
				0BE6E96D290C522800AFCE91 /* FirebaseStorage in Frameworks */,
				0BE6E9A229103ABA00AFCE91 /* Moya in Frameworks */,
				0BE6E969290C522800AFCE91 /* FirebaseFirestoreSwift in Frameworks */,
			);
			runOnlyForDeploymentPostprocessing = 0;
		};
		0BE2F5F22909534600E2AA92 /* Frameworks */ = {
			isa = PBXFrameworksBuildPhase;
			buildActionMask = 2147483647;
			files = (
			);
			runOnlyForDeploymentPostprocessing = 0;
		};
		0BE2F5FC2909534600E2AA92 /* Frameworks */ = {
			isa = PBXFrameworksBuildPhase;
			buildActionMask = 2147483647;
			files = (
			);
			runOnlyForDeploymentPostprocessing = 0;
		};
/* End PBXFrameworksBuildPhase section */

/* Begin PBXGroup section */
		0B36A8762909A27C00E48F80 /* View */ = {
			isa = PBXGroup;
			children = (
				0B36A87A2909A2CA00E48F80 /* OnboardingViewController.xib */,
				0B36A8782909A28A00E48F80 /* Onboarding */,
			);
			path = View;
			sourceTree = "<group>";
		};
		0B36A8772909A28100E48F80 /* Controller */ = {
			isa = PBXGroup;
			children = (
				0B36A8792909A2CA00E48F80 /* OnboardingViewController.swift */,
			);
			path = Controller;
			sourceTree = "<group>";
		};
		0B36A8782909A28A00E48F80 /* Onboarding */ = {
			isa = PBXGroup;
			children = (
				0B36A87D2909A76200E48F80 /* OnboardingView.swift */,
				0B36A87F2909A78200E48F80 /* OnboardingView.xib */,
			);
			path = Onboarding;
			sourceTree = "<group>";
		};
		0B36A881290ACFA600E48F80 /* Auth */ = {
			isa = PBXGroup;
			children = (
				0BE6E95F290C506F00AFCE91 /* Model */,
				0BE6E95E290C506700AFCE91 /* ViewModel */,
				0B36A886290ACFE400E48F80 /* Controller */,
				0B36A887290ACFEE00E48F80 /* View */,
			);
			path = Auth;
			sourceTree = "<group>";
		};
		0B36A886290ACFE400E48F80 /* Controller */ = {
			isa = PBXGroup;
			children = (
				0B36A882290ACFC300E48F80 /* AuthViewController.swift */,
			);
			path = Controller;
			sourceTree = "<group>";
		};
		0B36A887290ACFEE00E48F80 /* View */ = {
			isa = PBXGroup;
			children = (
				0B891B33290AD5C20030517C /* SignIn */,
				0B891B34290AD5C80030517C /* SignUp */,
				0B36A883290ACFC300E48F80 /* AuthViewController.xib */,
			);
			path = View;
			sourceTree = "<group>";
		};
		0B61EADE29148802005777A5 /* Profile */ = {
			isa = PBXGroup;
			children = (
				0B61EAE32914F8E5005777A5 /* ViewModel */,
				0B61EAE22914F8D8005777A5 /* Controller */,
				0B61EAE12914F8D0005777A5 /* View */,
			);
			path = Profile;
			sourceTree = "<group>";
		};
		0B61EAE12914F8D0005777A5 /* View */ = {
			isa = PBXGroup;
			children = (
				0B61EADF2914F8C4005777A5 /* ProfileView.swift */,
			);
			path = View;
			sourceTree = "<group>";
		};
		0B61EAE22914F8D8005777A5 /* Controller */ = {
			isa = PBXGroup;
			children = (
				0B61EAE42914F902005777A5 /* ProfileViewController.swift */,
			);
			path = Controller;
			sourceTree = "<group>";
		};
		0B61EAE32914F8E5005777A5 /* ViewModel */ = {
			isa = PBXGroup;
			children = (
				0B61EAE62914F911005777A5 /* ProfileViewModel.swift */,
			);
			path = ViewModel;
			sourceTree = "<group>";
		};
		0B891B33290AD5C20030517C /* SignIn */ = {
			isa = PBXGroup;
			children = (
				0B891B37290AD6130030517C /* SignInView.swift */,
				0B891B39290AD6210030517C /* SignInView.xib */,
			);
			path = SignIn;
			sourceTree = "<group>";
		};
		0B891B34290AD5C80030517C /* SignUp */ = {
			isa = PBXGroup;
			children = (
				0B891B35290AD6080030517C /* SignUpView.swift */,
				0B891B3B290AD62C0030517C /* SignUpView.xib */,
			);
			path = SignUp;
			sourceTree = "<group>";
		};
		0B891B3D290AD67F0030517C /* SAKit */ = {
			isa = PBXGroup;
			children = (
				0BE6E97E290C560100AFCE91 /* SAViewController.swift */,
				0BE6E980290C562300AFCE91 /* SAViewModel.swift */,
				0B891B3E290AD69C0030517C /* SAView.swift */,
				0B891B43290AD9010030517C /* SATextView */,
			);
			path = SAKit;
			sourceTree = "<group>";
		};
		0B891B40290AD6A60030517C /* Core */ = {
			isa = PBXGroup;
			children = (
				0BE6E975290C544C00AFCE91 /* Constants */,
				0BE6E96E290C53E800AFCE91 /* Extensions */,
				0BE6E978290C547200AFCE91 /* Helpers */,
				0BE6E97B290C54A100AFCE91 /* Network */,
				0B891B3D290AD67F0030517C /* SAKit */,
			);
			path = Core;
			sourceTree = "<group>";
		};
		0B891B43290AD9010030517C /* SATextView */ = {
			isa = PBXGroup;
			children = (
				0B891B41290AD8E20030517C /* SATextView.swift */,
				0B891B44290AD9160030517C /* SATextView.xib */,
			);
			path = SATextView;
			sourceTree = "<group>";
		};
		0BAF13F82917192500801F9D /* Basket */ = {
			isa = PBXGroup;
			children = (
				0BAF13FB2917194400801F9D /* ViewModel */,
				0BAF13FA2917193C00801F9D /* Controller */,
				0BAF13F92917193800801F9D /* View */,
			);
			path = Basket;
			sourceTree = "<group>";
		};
		0BAF13F92917193800801F9D /* View */ = {
			isa = PBXGroup;
			children = (
				0BAF13FC2917258100801F9D /* BasketView.swift */,
				0BAF13FE291725B800801F9D /* BasketTableViewCell.swift */,
			);
			path = View;
			sourceTree = "<group>";
		};
		0BAF13FA2917193C00801F9D /* Controller */ = {
			isa = PBXGroup;
			children = (
				0BAF14002917354F00801F9D /* BasketViewController.swift */,
			);
			path = Controller;
			sourceTree = "<group>";
		};
		0BAF13FB2917194400801F9D /* ViewModel */ = {
			isa = PBXGroup;
			children = (
				0BAF14022917364200801F9D /* BasketViewModel.swift */,
			);
			path = ViewModel;
			sourceTree = "<group>";
		};
		0BE2F5D62909534500E2AA92 = {
			isa = PBXGroup;
			children = (
				0BE2F5E12909534500E2AA92 /* ShoppingApp */,
				0BE2F5F82909534600E2AA92 /* ShoppingAppTests */,
				0BE2F6022909534600E2AA92 /* ShoppingAppUITests */,
				0BE2F5E02909534500E2AA92 /* Products */,
			);
			sourceTree = "<group>";
		};
		0BE2F5E02909534500E2AA92 /* Products */ = {
			isa = PBXGroup;
			children = (
				0BE2F5DF2909534500E2AA92 /* ShoppingApp.app */,
				0BE2F5F52909534600E2AA92 /* ShoppingAppTests.xctest */,
				0BE2F5FF2909534600E2AA92 /* ShoppingAppUITests.xctest */,
			);
			name = Products;
			sourceTree = "<group>";
		};
		0BE2F5E12909534500E2AA92 /* ShoppingApp */ = {
			isa = PBXGroup;
			children = (
				0BE2F6122909545900E2AA92 /* App */,
				0BE2F6132909548000E2AA92 /* Screens */,
			);
			path = ShoppingApp;
			sourceTree = "<group>";
		};
		0BE2F5F82909534600E2AA92 /* ShoppingAppTests */ = {
			isa = PBXGroup;
			children = (
				0BE2F5F92909534600E2AA92 /* ShoppingAppTests.swift */,
			);
			path = ShoppingAppTests;
			sourceTree = "<group>";
		};
		0BE2F6022909534600E2AA92 /* ShoppingAppUITests */ = {
			isa = PBXGroup;
			children = (
				0BE2F6032909534600E2AA92 /* ShoppingAppUITests.swift */,
				0BE2F6052909534600E2AA92 /* ShoppingAppUITestsLaunchTests.swift */,
			);
			path = ShoppingAppUITests;
			sourceTree = "<group>";
		};
		0BE2F6122909545900E2AA92 /* App */ = {
			isa = PBXGroup;
			children = (
				0BE2F6162909551600E2AA92 /* Assets */,
				0B891B40290AD6A60030517C /* Core */,
				0BE2F6152909550D00E2AA92 /* Delegates */,
				0BE2F6172909551E00E2AA92 /* Plists */,
				0BE2F6182909554100E2AA92 /* View */,
			);
			path = App;
			sourceTree = "<group>";
		};
		0BE2F6132909548000E2AA92 /* Screens */ = {
			isa = PBXGroup;
			children = (
				0BE2F6142909548600E2AA92 /* Initial */,
				0BE2F61929095DE000E2AA92 /* Onboarding */,
				0B36A881290ACFA600E48F80 /* Auth */,
				0BE6E98B290D7BC400AFCE91 /* MainTabBar */,
			);
			path = Screens;
			sourceTree = "<group>";
		};
		0BE2F6142909548600E2AA92 /* Initial */ = {
			isa = PBXGroup;
			children = (
				0BE2F5E62909534500E2AA92 /* ViewController.swift */,
				0BE2F5E82909534500E2AA92 /* Main.storyboard */,
			);
			path = Initial;
			sourceTree = "<group>";
		};
		0BE2F6152909550D00E2AA92 /* Delegates */ = {
			isa = PBXGroup;
			children = (
				0BE2F5E22909534500E2AA92 /* AppDelegate.swift */,
				0BE2F5E42909534500E2AA92 /* SceneDelegate.swift */,
			);
			path = Delegates;
			sourceTree = "<group>";
		};
		0BE2F6162909551600E2AA92 /* Assets */ = {
			isa = PBXGroup;
			children = (
				0BE2F5EB2909534600E2AA92 /* Assets.xcassets */,
			);
			path = Assets;
			sourceTree = "<group>";
		};
		0BE2F6172909551E00E2AA92 /* Plists */ = {
			isa = PBXGroup;
			children = (
				0BE2F5F02909534600E2AA92 /* Info.plist */,
				0BE6E982290C7BE600AFCE91 /* GoogleService-Info.plist */,
			);
			path = Plists;
			sourceTree = "<group>";
		};
		0BE2F6182909554100E2AA92 /* View */ = {
			isa = PBXGroup;
			children = (
				0BE2F5ED2909534600E2AA92 /* LaunchScreen.storyboard */,
			);
			path = View;
			sourceTree = "<group>";
		};
		0BE2F61929095DE000E2AA92 /* Onboarding */ = {
			isa = PBXGroup;
			children = (
				0B36A8772909A28100E48F80 /* Controller */,
				0B36A8762909A27C00E48F80 /* View */,
			);
			path = Onboarding;
			sourceTree = "<group>";
		};
		0BE6E95E290C506700AFCE91 /* ViewModel */ = {
			isa = PBXGroup;
			children = (
				0BE6E962290C50BC00AFCE91 /* AuthViewModel.swift */,
			);
			path = ViewModel;
			sourceTree = "<group>";
		};
		0BE6E95F290C506F00AFCE91 /* Model */ = {
			isa = PBXGroup;
			children = (
				0BE6E960290C507B00AFCE91 /* User.swift */,
			);
			path = Model;
			sourceTree = "<group>";
		};
		0BE6E96E290C53E800AFCE91 /* Extensions */ = {
			isa = PBXGroup;
			children = (
				0BE6E96F290C53FC00AFCE91 /* Encodable+Extensions.swift */,
				0BE6E971290C541200AFCE91 /* UserDefaultsAccesible.swift */,
				0BE6E973290C542A00AFCE91 /* FireBaseFireStoreAccesible.swift */,
				0BE6E9A32912DB2100AFCE91 /* UIButton+Extensions.swift */,
			);
			path = Extensions;
			sourceTree = "<group>";
		};
		0BE6E975290C544C00AFCE91 /* Constants */ = {
			isa = PBXGroup;
			children = (
				0BE6E976290C545800AFCE91 /* UserDefaultConstants.swift */,
			);
			path = Constants;
			sourceTree = "<group>";
		};
		0BE6E978290C547200AFCE91 /* Helpers */ = {
			isa = PBXGroup;
			children = (
				0BE6E979290C547C00AFCE91 /* AlertPresentable.swift */,
			);
			path = Helpers;
			sourceTree = "<group>";
		};
		0BE6E97B290C54A100AFCE91 /* Network */ = {
			isa = PBXGroup;
			children = (
				0BE6E97C290C54B400AFCE91 /* FakeStoreAPI.swift */,
			);
			path = Network;
			sourceTree = "<group>";
		};
		0BE6E984290C900E00AFCE91 /* Products */ = {
			isa = PBXGroup;
			children = (
				0BE6E99729102CDE00AFCE91 /* Model */,
				0BE6E99829102CE500AFCE91 /* ViewModel */,
				0BE6E986290C902D00AFCE91 /* Controller */,
				0BE6E985290C902600AFCE91 /* View */,
			);
			path = Products;
			sourceTree = "<group>";
		};
		0BE6E985290C902600AFCE91 /* View */ = {
			isa = PBXGroup;
			children = (
				0BE6E9922910102D00AFCE91 /* Details */,
				0BE6E98E29100DD700AFCE91 /* ProductsView.swift */,
				0BE6E99029100E7200AFCE91 /* ProductsCollectionViewCell.swift */,
			);
			path = View;
			sourceTree = "<group>";
		};
		0BE6E986290C902D00AFCE91 /* Controller */ = {
			isa = PBXGroup;
			children = (
				0BE6E987290C904F00AFCE91 /* ProductsViewController.swift */,
			);
			path = Controller;
			sourceTree = "<group>";
		};
		0BE6E98B290D7BC400AFCE91 /* MainTabBar */ = {
			isa = PBXGroup;
			children = (
				0BE6E98C290D7BF900AFCE91 /* MainTabBarController.swift */,
				0BE6E984290C900E00AFCE91 /* Products */,
				0BE6E9A52912E84E00AFCE91 /* Search */,
				0B61EADE29148802005777A5 /* Profile */,
				0BAF13F82917192500801F9D /* Basket */,
			);
			path = MainTabBar;
			sourceTree = "<group>";
		};
		0BE6E9922910102D00AFCE91 /* Details */ = {
			isa = PBXGroup;
			children = (
				0BE6E9932910103F00AFCE91 /* DetailView.swift */,
				0BE6E9952910107500AFCE91 /* DetailViewController.swift */,
			);
			path = Details;
			sourceTree = "<group>";
		};
		0BE6E99729102CDE00AFCE91 /* Model */ = {
			isa = PBXGroup;
			children = (
				0BE6E99929102D6900AFCE91 /* Product.swift */,
			);
			path = Model;
			sourceTree = "<group>";
		};
		0BE6E99829102CE500AFCE91 /* ViewModel */ = {
			isa = PBXGroup;
			children = (
				0BE6E99E2910393500AFCE91 /* ProductsViewModel.swift */,
			);
			path = ViewModel;
			sourceTree = "<group>";
		};
		0BE6E9A52912E84E00AFCE91 /* Search */ = {
			isa = PBXGroup;
			children = (
				0BE6E9A82912E87500AFCE91 /* ViewModel */,
				0BE6E9A72912E86F00AFCE91 /* Controller */,
				0BE6E9A62912E86900AFCE91 /* View */,
			);
			path = Search;
			sourceTree = "<group>";
		};
		0BE6E9A62912E86900AFCE91 /* View */ = {
			isa = PBXGroup;
			children = (
				0BE6E9AD291305E900AFCE91 /* SearchView.swift */,
				0BE6E9AF29133B3D00AFCE91 /* SearchTableViewCell.swift */,
			);
			path = View;
			sourceTree = "<group>";
		};
		0BE6E9A72912E86F00AFCE91 /* Controller */ = {
			isa = PBXGroup;
			children = (
				0BE6E9AB291305CA00AFCE91 /* SearchViewController.swift */,
			);
			path = Controller;
			sourceTree = "<group>";
		};
		0BE6E9A82912E87500AFCE91 /* ViewModel */ = {
			isa = PBXGroup;
			children = (
				0BE6E9A9291305BF00AFCE91 /* SearchViewModel.swift */,
			);
			path = ViewModel;
			sourceTree = "<group>";
		};
/* End PBXGroup section */

/* Begin PBXNativeTarget section */
		0BE2F5DE2909534500E2AA92 /* ShoppingApp */ = {
			isa = PBXNativeTarget;
			buildConfigurationList = 0BE2F6092909534600E2AA92 /* Build configuration list for PBXNativeTarget "ShoppingApp" */;
			buildPhases = (
				0BE2F5DB2909534500E2AA92 /* Sources */,
				0BE2F5DC2909534500E2AA92 /* Frameworks */,
				0BE2F5DD2909534500E2AA92 /* Resources */,
			);
			buildRules = (
			);
			dependencies = (
			);
			name = ShoppingApp;
			packageProductDependencies = (
				0B27D428291708E200CB53CF /* SnapKit */,
				0BE6E966290C522800AFCE91 /* FirebaseAuth */,
				0BE6E968290C522800AFCE91 /* FirebaseFirestoreSwift */,
				0BE6E96A290C522800AFCE91 /* FirebaseRemoteConfigSwift */,
				0BE6E96C290C522800AFCE91 /* FirebaseStorage */,
				0BE6E99C2910341F00AFCE91 /* Kingfisher */,
				0BE6E9A129103ABA00AFCE91 /* Moya */,
				0BBC71CA2918ACAC00E469B2 /* IQKeyboardManagerSwift */,
			);
			productName = ShoppingApp;
			productReference = 0BE2F5DF2909534500E2AA92 /* ShoppingApp.app */;
			productType = "com.apple.product-type.application";
		};
		0BE2F5F42909534600E2AA92 /* ShoppingAppTests */ = {
			isa = PBXNativeTarget;
			buildConfigurationList = 0BE2F60C2909534600E2AA92 /* Build configuration list for PBXNativeTarget "ShoppingAppTests" */;
			buildPhases = (
				0BE2F5F12909534600E2AA92 /* Sources */,
				0BE2F5F22909534600E2AA92 /* Frameworks */,
				0BE2F5F32909534600E2AA92 /* Resources */,
			);
			buildRules = (
			);
			dependencies = (
				0BE2F5F72909534600E2AA92 /* PBXTargetDependency */,
			);
			name = ShoppingAppTests;
			productName = ShoppingAppTests;
			productReference = 0BE2F5F52909534600E2AA92 /* ShoppingAppTests.xctest */;
			productType = "com.apple.product-type.bundle.unit-test";
		};
		0BE2F5FE2909534600E2AA92 /* ShoppingAppUITests */ = {
			isa = PBXNativeTarget;
			buildConfigurationList = 0BE2F60F2909534600E2AA92 /* Build configuration list for PBXNativeTarget "ShoppingAppUITests" */;
			buildPhases = (
				0BE2F5FB2909534600E2AA92 /* Sources */,
				0BE2F5FC2909534600E2AA92 /* Frameworks */,
				0BE2F5FD2909534600E2AA92 /* Resources */,
			);
			buildRules = (
			);
			dependencies = (
				0BE2F6012909534600E2AA92 /* PBXTargetDependency */,
			);
			name = ShoppingAppUITests;
			productName = ShoppingAppUITests;
			productReference = 0BE2F5FF2909534600E2AA92 /* ShoppingAppUITests.xctest */;
			productType = "com.apple.product-type.bundle.ui-testing";
		};
/* End PBXNativeTarget section */

/* Begin PBXProject section */
		0BE2F5D72909534500E2AA92 /* Project object */ = {
			isa = PBXProject;
			attributes = {
				BuildIndependentTargetsInParallel = 1;
				LastSwiftUpdateCheck = 1400;
				LastUpgradeCheck = 1400;
				TargetAttributes = {
					0BE2F5DE2909534500E2AA92 = {
						CreatedOnToolsVersion = 14.0.1;
					};
					0BE2F5F42909534600E2AA92 = {
						CreatedOnToolsVersion = 14.0.1;
						TestTargetID = 0BE2F5DE2909534500E2AA92;
					};
					0BE2F5FE2909534600E2AA92 = {
						CreatedOnToolsVersion = 14.0.1;
						TestTargetID = 0BE2F5DE2909534500E2AA92;
					};
				};
			};
			buildConfigurationList = 0BE2F5DA2909534500E2AA92 /* Build configuration list for PBXProject "ShoppingApp" */;
			compatibilityVersion = "Xcode 14.0";
			developmentRegion = en;
			hasScannedForEncodings = 0;
			knownRegions = (
				en,
				Base,
			);
			mainGroup = 0BE2F5D62909534500E2AA92;
			packageReferences = (
				0B27D427291708E200CB53CF /* XCRemoteSwiftPackageReference "SnapKit" */,
				0BE6E965290C522800AFCE91 /* XCRemoteSwiftPackageReference "firebase-ios-sdk" */,
				0BE6E99B2910341F00AFCE91 /* XCRemoteSwiftPackageReference "Kingfisher" */,
				0BE6E9A029103ABA00AFCE91 /* XCRemoteSwiftPackageReference "Moya" */,
				0BBC71C92918ACAC00E469B2 /* XCRemoteSwiftPackageReference "IQKeyboardManager" */,
			);
			productRefGroup = 0BE2F5E02909534500E2AA92 /* Products */;
			projectDirPath = "";
			projectRoot = "";
			targets = (
				0BE2F5DE2909534500E2AA92 /* ShoppingApp */,
				0BE2F5F42909534600E2AA92 /* ShoppingAppTests */,
				0BE2F5FE2909534600E2AA92 /* ShoppingAppUITests */,
			);
		};
/* End PBXProject section */

/* Begin PBXResourcesBuildPhase section */
		0BE2F5DD2909534500E2AA92 /* Resources */ = {
			isa = PBXResourcesBuildPhase;
			buildActionMask = 2147483647;
			files = (
				0B891B3C290AD62C0030517C /* SignUpView.xib in Resources */,
				0BE2F5EF2909534600E2AA92 /* LaunchScreen.storyboard in Resources */,
				0B891B45290AD9160030517C /* SATextView.xib in Resources */,
				0BE2F5EC2909534600E2AA92 /* Assets.xcassets in Resources */,
				0BE2F5EA2909534500E2AA92 /* Main.storyboard in Resources */,
				0B36A8802909A78200E48F80 /* OnboardingView.xib in Resources */,
				0B36A885290ACFC300E48F80 /* AuthViewController.xib in Resources */,
				0BE6E983290C7BE600AFCE91 /* GoogleService-Info.plist in Resources */,
				0B36A87C2909A2CA00E48F80 /* OnboardingViewController.xib in Resources */,
				0B891B3A290AD6210030517C /* SignInView.xib in Resources */,
			);
			runOnlyForDeploymentPostprocessing = 0;
		};
		0BE2F5F32909534600E2AA92 /* Resources */ = {
			isa = PBXResourcesBuildPhase;
			buildActionMask = 2147483647;
			files = (
			);
			runOnlyForDeploymentPostprocessing = 0;
		};
		0BE2F5FD2909534600E2AA92 /* Resources */ = {
			isa = PBXResourcesBuildPhase;
			buildActionMask = 2147483647;
			files = (
			);
			runOnlyForDeploymentPostprocessing = 0;
		};
/* End PBXResourcesBuildPhase section */

/* Begin PBXSourcesBuildPhase section */
		0BE2F5DB2909534500E2AA92 /* Sources */ = {
			isa = PBXSourcesBuildPhase;
			buildActionMask = 2147483647;
			files = (
				0BE2F5E72909534500E2AA92 /* ViewController.swift in Sources */,
				0BE2F5E32909534500E2AA92 /* AppDelegate.swift in Sources */,
				0BE6E99F2910393500AFCE91 /* ProductsViewModel.swift in Sources */,
				0BE6E9A42912DB2100AFCE91 /* UIButton+Extensions.swift in Sources */,
				0BE6E98D290D7BF900AFCE91 /* MainTabBarController.swift in Sources */,
				0BAF13FD2917258100801F9D /* BasketView.swift in Sources */,
				0BE6E97F290C560100AFCE91 /* SAViewController.swift in Sources */,
				0BE6E9AA291305BF00AFCE91 /* SearchViewModel.swift in Sources */,
				0BE6E9AC291305CA00AFCE91 /* SearchViewController.swift in Sources */,
				0BE6E974290C542A00AFCE91 /* FireBaseFireStoreAccesible.swift in Sources */,
				0BE6E97D290C54B400AFCE91 /* FakeStoreAPI.swift in Sources */,
				0BE6E972290C541200AFCE91 /* UserDefaultsAccesible.swift in Sources */,
				0BE2F5E52909534500E2AA92 /* SceneDelegate.swift in Sources */,
				0BE6E9942910103F00AFCE91 /* DetailView.swift in Sources */,
				0BAF14032917364200801F9D /* BasketViewModel.swift in Sources */,
				0B891B42290AD8E20030517C /* SATextView.swift in Sources */,
				0BAF14012917354F00801F9D /* BasketViewController.swift in Sources */,
				0BE6E977290C545800AFCE91 /* UserDefaultConstants.swift in Sources */,
				0BE6E9B029133B3D00AFCE91 /* SearchTableViewCell.swift in Sources */,
				0BE6E989290C904F00AFCE91 /* ProductsViewController.swift in Sources */,
				0B891B3F290AD69C0030517C /* SAView.swift in Sources */,
				0BE6E9962910107500AFCE91 /* DetailViewController.swift in Sources */,
				0BE6E99129100E7200AFCE91 /* ProductsCollectionViewCell.swift in Sources */,
				0B891B36290AD6080030517C /* SignUpView.swift in Sources */,
				0B36A87E2909A76200E48F80 /* OnboardingView.swift in Sources */,
				0BE6E981290C562300AFCE91 /* SAViewModel.swift in Sources */,
				0B36A884290ACFC300E48F80 /* AuthViewController.swift in Sources */,
				0BE6E97A290C547C00AFCE91 /* AlertPresentable.swift in Sources */,
				0BE6E99A29102D6900AFCE91 /* Product.swift in Sources */,
				0BAF13FF291725B800801F9D /* BasketTableViewCell.swift in Sources */,
				0B61EAE02914F8C4005777A5 /* ProfileView.swift in Sources */,
				0BE6E963290C50BC00AFCE91 /* AuthViewModel.swift in Sources */,
				0B891B38290AD6130030517C /* SignInView.swift in Sources */,
				0BE6E970290C53FC00AFCE91 /* Encodable+Extensions.swift in Sources */,
				0B61EAE72914F911005777A5 /* ProfileViewModel.swift in Sources */,
				0BE6E9AE291305E900AFCE91 /* SearchView.swift in Sources */,
				0BE6E98F29100DD700AFCE91 /* ProductsView.swift in Sources */,
				0B61EAE52914F902005777A5 /* ProfileViewController.swift in Sources */,
				0B36A87B2909A2CA00E48F80 /* OnboardingViewController.swift in Sources */,
				0BE6E961290C507B00AFCE91 /* User.swift in Sources */,
			);
			runOnlyForDeploymentPostprocessing = 0;
		};
		0BE2F5F12909534600E2AA92 /* Sources */ = {
			isa = PBXSourcesBuildPhase;
			buildActionMask = 2147483647;
			files = (
				0BE2F5FA2909534600E2AA92 /* ShoppingAppTests.swift in Sources */,
			);
			runOnlyForDeploymentPostprocessing = 0;
		};
		0BE2F5FB2909534600E2AA92 /* Sources */ = {
			isa = PBXSourcesBuildPhase;
			buildActionMask = 2147483647;
			files = (
				0BE2F6062909534600E2AA92 /* ShoppingAppUITestsLaunchTests.swift in Sources */,
				0BE2F6042909534600E2AA92 /* ShoppingAppUITests.swift in Sources */,
			);
			runOnlyForDeploymentPostprocessing = 0;
		};
/* End PBXSourcesBuildPhase section */

/* Begin PBXTargetDependency section */
		0BE2F5F72909534600E2AA92 /* PBXTargetDependency */ = {
			isa = PBXTargetDependency;
			target = 0BE2F5DE2909534500E2AA92 /* ShoppingApp */;
			targetProxy = 0BE2F5F62909534600E2AA92 /* PBXContainerItemProxy */;
		};
		0BE2F6012909534600E2AA92 /* PBXTargetDependency */ = {
			isa = PBXTargetDependency;
			target = 0BE2F5DE2909534500E2AA92 /* ShoppingApp */;
			targetProxy = 0BE2F6002909534600E2AA92 /* PBXContainerItemProxy */;
		};
/* End PBXTargetDependency section */

/* Begin PBXVariantGroup section */
		0BE2F5E82909534500E2AA92 /* Main.storyboard */ = {
			isa = PBXVariantGroup;
			children = (
				0BE2F5E92909534500E2AA92 /* Base */,
			);
			name = Main.storyboard;
			sourceTree = "<group>";
		};
		0BE2F5ED2909534600E2AA92 /* LaunchScreen.storyboard */ = {
			isa = PBXVariantGroup;
			children = (
				0BE2F5EE2909534600E2AA92 /* Base */,
			);
			name = LaunchScreen.storyboard;
			sourceTree = "<group>";
		};
/* End PBXVariantGroup section */

/* Begin XCBuildConfiguration section */
		0BE2F6072909534600E2AA92 /* Debug */ = {
			isa = XCBuildConfiguration;
			buildSettings = {
				ALWAYS_SEARCH_USER_PATHS = NO;
				CLANG_ANALYZER_NONNULL = YES;
				CLANG_ANALYZER_NUMBER_OBJECT_CONVERSION = YES_AGGRESSIVE;
				CLANG_CXX_LANGUAGE_STANDARD = "gnu++20";
				CLANG_ENABLE_MODULES = YES;
				CLANG_ENABLE_OBJC_ARC = YES;
				CLANG_ENABLE_OBJC_WEAK = YES;
				CLANG_WARN_BLOCK_CAPTURE_AUTORELEASING = YES;
				CLANG_WARN_BOOL_CONVERSION = YES;
				CLANG_WARN_COMMA = YES;
				CLANG_WARN_CONSTANT_CONVERSION = YES;
				CLANG_WARN_DEPRECATED_OBJC_IMPLEMENTATIONS = YES;
				CLANG_WARN_DIRECT_OBJC_ISA_USAGE = YES_ERROR;
				CLANG_WARN_DOCUMENTATION_COMMENTS = YES;
				CLANG_WARN_EMPTY_BODY = YES;
				CLANG_WARN_ENUM_CONVERSION = YES;
				CLANG_WARN_INFINITE_RECURSION = YES;
				CLANG_WARN_INT_CONVERSION = YES;
				CLANG_WARN_NON_LITERAL_NULL_CONVERSION = YES;
				CLANG_WARN_OBJC_IMPLICIT_RETAIN_SELF = YES;
				CLANG_WARN_OBJC_LITERAL_CONVERSION = YES;
				CLANG_WARN_OBJC_ROOT_CLASS = YES_ERROR;
				CLANG_WARN_QUOTED_INCLUDE_IN_FRAMEWORK_HEADER = YES;
				CLANG_WARN_RANGE_LOOP_ANALYSIS = YES;
				CLANG_WARN_STRICT_PROTOTYPES = YES;
				CLANG_WARN_SUSPICIOUS_MOVE = YES;
				CLANG_WARN_UNGUARDED_AVAILABILITY = YES_AGGRESSIVE;
				CLANG_WARN_UNREACHABLE_CODE = YES;
				CLANG_WARN__DUPLICATE_METHOD_MATCH = YES;
				COPY_PHASE_STRIP = NO;
				DEBUG_INFORMATION_FORMAT = dwarf;
				ENABLE_STRICT_OBJC_MSGSEND = YES;
				ENABLE_TESTABILITY = YES;
				GCC_C_LANGUAGE_STANDARD = gnu11;
				GCC_DYNAMIC_NO_PIC = NO;
				GCC_NO_COMMON_BLOCKS = YES;
				GCC_OPTIMIZATION_LEVEL = 0;
				GCC_PREPROCESSOR_DEFINITIONS = (
					"DEBUG=1",
					"$(inherited)",
				);
				GCC_WARN_64_TO_32_BIT_CONVERSION = YES;
				GCC_WARN_ABOUT_RETURN_TYPE = YES_ERROR;
				GCC_WARN_UNDECLARED_SELECTOR = YES;
				GCC_WARN_UNINITIALIZED_AUTOS = YES_AGGRESSIVE;
				GCC_WARN_UNUSED_FUNCTION = YES;
				GCC_WARN_UNUSED_VARIABLE = YES;
				IPHONEOS_DEPLOYMENT_TARGET = 16.0;
				MTL_ENABLE_DEBUG_INFO = INCLUDE_SOURCE;
				MTL_FAST_MATH = YES;
				ONLY_ACTIVE_ARCH = YES;
				SDKROOT = iphoneos;
				SWIFT_ACTIVE_COMPILATION_CONDITIONS = DEBUG;
				SWIFT_OPTIMIZATION_LEVEL = "-Onone";
			};
			name = Debug;
		};
		0BE2F6082909534600E2AA92 /* Release */ = {
			isa = XCBuildConfiguration;
			buildSettings = {
				ALWAYS_SEARCH_USER_PATHS = NO;
				CLANG_ANALYZER_NONNULL = YES;
				CLANG_ANALYZER_NUMBER_OBJECT_CONVERSION = YES_AGGRESSIVE;
				CLANG_CXX_LANGUAGE_STANDARD = "gnu++20";
				CLANG_ENABLE_MODULES = YES;
				CLANG_ENABLE_OBJC_ARC = YES;
				CLANG_ENABLE_OBJC_WEAK = YES;
				CLANG_WARN_BLOCK_CAPTURE_AUTORELEASING = YES;
				CLANG_WARN_BOOL_CONVERSION = YES;
				CLANG_WARN_COMMA = YES;
				CLANG_WARN_CONSTANT_CONVERSION = YES;
				CLANG_WARN_DEPRECATED_OBJC_IMPLEMENTATIONS = YES;
				CLANG_WARN_DIRECT_OBJC_ISA_USAGE = YES_ERROR;
				CLANG_WARN_DOCUMENTATION_COMMENTS = YES;
				CLANG_WARN_EMPTY_BODY = YES;
				CLANG_WARN_ENUM_CONVERSION = YES;
				CLANG_WARN_INFINITE_RECURSION = YES;
				CLANG_WARN_INT_CONVERSION = YES;
				CLANG_WARN_NON_LITERAL_NULL_CONVERSION = YES;
				CLANG_WARN_OBJC_IMPLICIT_RETAIN_SELF = YES;
				CLANG_WARN_OBJC_LITERAL_CONVERSION = YES;
				CLANG_WARN_OBJC_ROOT_CLASS = YES_ERROR;
				CLANG_WARN_QUOTED_INCLUDE_IN_FRAMEWORK_HEADER = YES;
				CLANG_WARN_RANGE_LOOP_ANALYSIS = YES;
				CLANG_WARN_STRICT_PROTOTYPES = YES;
				CLANG_WARN_SUSPICIOUS_MOVE = YES;
				CLANG_WARN_UNGUARDED_AVAILABILITY = YES_AGGRESSIVE;
				CLANG_WARN_UNREACHABLE_CODE = YES;
				CLANG_WARN__DUPLICATE_METHOD_MATCH = YES;
				COPY_PHASE_STRIP = NO;
				DEBUG_INFORMATION_FORMAT = "dwarf-with-dsym";
				ENABLE_NS_ASSERTIONS = NO;
				ENABLE_STRICT_OBJC_MSGSEND = YES;
				GCC_C_LANGUAGE_STANDARD = gnu11;
				GCC_NO_COMMON_BLOCKS = YES;
				GCC_WARN_64_TO_32_BIT_CONVERSION = YES;
				GCC_WARN_ABOUT_RETURN_TYPE = YES_ERROR;
				GCC_WARN_UNDECLARED_SELECTOR = YES;
				GCC_WARN_UNINITIALIZED_AUTOS = YES_AGGRESSIVE;
				GCC_WARN_UNUSED_FUNCTION = YES;
				GCC_WARN_UNUSED_VARIABLE = YES;
				IPHONEOS_DEPLOYMENT_TARGET = 16.0;
				MTL_ENABLE_DEBUG_INFO = NO;
				MTL_FAST_MATH = YES;
				SDKROOT = iphoneos;
				SWIFT_COMPILATION_MODE = wholemodule;
				SWIFT_OPTIMIZATION_LEVEL = "-O";
				VALIDATE_PRODUCT = YES;
			};
			name = Release;
		};
		0BE2F60A2909534600E2AA92 /* Debug */ = {
			isa = XCBuildConfiguration;
			buildSettings = {
				ASSETCATALOG_COMPILER_APPICON_NAME = AppIcon;
				ASSETCATALOG_COMPILER_GLOBAL_ACCENT_COLOR_NAME = AccentColor;
				CODE_SIGN_STYLE = Automatic;
				CURRENT_PROJECT_VERSION = 1;
				DEVELOPMENT_TEAM = LL3JALBUXY;
				GENERATE_INFOPLIST_FILE = YES;
				INFOPLIST_FILE = ShoppingApp/App/Plists/Info.plist;
				INFOPLIST_KEY_CFBundleDisplayName = ShoppingApp;
				INFOPLIST_KEY_LSApplicationCategoryType = "public.app-category.shopping";
				INFOPLIST_KEY_UIApplicationSupportsIndirectInputEvents = YES;
				INFOPLIST_KEY_UILaunchStoryboardName = LaunchScreen;
				INFOPLIST_KEY_UIMainStoryboardFile = Main;
				INFOPLIST_KEY_UISupportedInterfaceOrientations = UIInterfaceOrientationPortrait;
				INFOPLIST_KEY_UISupportedInterfaceOrientations_iPad = "UIInterfaceOrientationLandscapeLeft UIInterfaceOrientationLandscapeRight UIInterfaceOrientationPortrait UIInterfaceOrientationPortraitUpsideDown";
				IPHONEOS_DEPLOYMENT_TARGET = 13.0;
				LD_RUNPATH_SEARCH_PATHS = (
					"$(inherited)",
					"@executable_path/Frameworks",
				);
				MARKETING_VERSION = 0.1;
				PRODUCT_BUNDLE_IDENTIFIER = com.abdullahgenc.ShoppingApp;
				PRODUCT_NAME = "$(TARGET_NAME)";
				SUPPORTED_PLATFORMS = "iphoneos iphonesimulator";
				SUPPORTS_MACCATALYST = NO;
				SUPPORTS_MAC_DESIGNED_FOR_IPHONE_IPAD = NO;
				SWIFT_EMIT_LOC_STRINGS = YES;
				SWIFT_VERSION = 5.0;
				TARGETED_DEVICE_FAMILY = 1;
			};
			name = Debug;
		};
		0BE2F60B2909534600E2AA92 /* Release */ = {
			isa = XCBuildConfiguration;
			buildSettings = {
				ASSETCATALOG_COMPILER_APPICON_NAME = AppIcon;
				ASSETCATALOG_COMPILER_GLOBAL_ACCENT_COLOR_NAME = AccentColor;
				CODE_SIGN_STYLE = Automatic;
				CURRENT_PROJECT_VERSION = 1;
				DEVELOPMENT_TEAM = LL3JALBUXY;
				GENERATE_INFOPLIST_FILE = YES;
				INFOPLIST_FILE = ShoppingApp/App/Plists/Info.plist;
				INFOPLIST_KEY_CFBundleDisplayName = ShoppingApp;
				INFOPLIST_KEY_LSApplicationCategoryType = "public.app-category.shopping";
				INFOPLIST_KEY_UIApplicationSupportsIndirectInputEvents = YES;
				INFOPLIST_KEY_UILaunchStoryboardName = LaunchScreen;
				INFOPLIST_KEY_UIMainStoryboardFile = Main;
				INFOPLIST_KEY_UISupportedInterfaceOrientations = UIInterfaceOrientationPortrait;
				INFOPLIST_KEY_UISupportedInterfaceOrientations_iPad = "UIInterfaceOrientationLandscapeLeft UIInterfaceOrientationLandscapeRight UIInterfaceOrientationPortrait UIInterfaceOrientationPortraitUpsideDown";
				IPHONEOS_DEPLOYMENT_TARGET = 13.0;
				LD_RUNPATH_SEARCH_PATHS = (
					"$(inherited)",
					"@executable_path/Frameworks",
				);
				MARKETING_VERSION = 0.1;
				PRODUCT_BUNDLE_IDENTIFIER = com.abdullahgenc.ShoppingApp;
				PRODUCT_NAME = "$(TARGET_NAME)";
				SUPPORTED_PLATFORMS = "iphoneos iphonesimulator";
				SUPPORTS_MACCATALYST = NO;
				SUPPORTS_MAC_DESIGNED_FOR_IPHONE_IPAD = NO;
				SWIFT_EMIT_LOC_STRINGS = YES;
				SWIFT_VERSION = 5.0;
				TARGETED_DEVICE_FAMILY = 1;
			};
			name = Release;
		};
		0BE2F60D2909534600E2AA92 /* Debug */ = {
			isa = XCBuildConfiguration;
			buildSettings = {
				ALWAYS_EMBED_SWIFT_STANDARD_LIBRARIES = YES;
				BUNDLE_LOADER = "$(TEST_HOST)";
				CODE_SIGN_STYLE = Automatic;
				CURRENT_PROJECT_VERSION = 1;
				DEVELOPMENT_TEAM = LL3JALBUXY;
				GENERATE_INFOPLIST_FILE = YES;
				IPHONEOS_DEPLOYMENT_TARGET = 16.0;
				MARKETING_VERSION = 1.0;
				PRODUCT_BUNDLE_IDENTIFIER = com.abdullahgenc.ShoppingAppTests;
				PRODUCT_NAME = "$(TARGET_NAME)";
				SWIFT_EMIT_LOC_STRINGS = NO;
				SWIFT_VERSION = 5.0;
				TARGETED_DEVICE_FAMILY = "1,2";
				TEST_HOST = "$(BUILT_PRODUCTS_DIR)/ShoppingApp.app/$(BUNDLE_EXECUTABLE_FOLDER_PATH)/ShoppingApp";
			};
			name = Debug;
		};
		0BE2F60E2909534600E2AA92 /* Release */ = {
			isa = XCBuildConfiguration;
			buildSettings = {
				ALWAYS_EMBED_SWIFT_STANDARD_LIBRARIES = YES;
				BUNDLE_LOADER = "$(TEST_HOST)";
				CODE_SIGN_STYLE = Automatic;
				CURRENT_PROJECT_VERSION = 1;
				DEVELOPMENT_TEAM = LL3JALBUXY;
				GENERATE_INFOPLIST_FILE = YES;
				IPHONEOS_DEPLOYMENT_TARGET = 16.0;
				MARKETING_VERSION = 1.0;
				PRODUCT_BUNDLE_IDENTIFIER = com.abdullahgenc.ShoppingAppTests;
				PRODUCT_NAME = "$(TARGET_NAME)";
				SWIFT_EMIT_LOC_STRINGS = NO;
				SWIFT_VERSION = 5.0;
				TARGETED_DEVICE_FAMILY = "1,2";
				TEST_HOST = "$(BUILT_PRODUCTS_DIR)/ShoppingApp.app/$(BUNDLE_EXECUTABLE_FOLDER_PATH)/ShoppingApp";
			};
			name = Release;
		};
		0BE2F6102909534600E2AA92 /* Debug */ = {
			isa = XCBuildConfiguration;
			buildSettings = {
				ALWAYS_EMBED_SWIFT_STANDARD_LIBRARIES = YES;
				CODE_SIGN_STYLE = Automatic;
				CURRENT_PROJECT_VERSION = 1;
				DEVELOPMENT_TEAM = LL3JALBUXY;
				GENERATE_INFOPLIST_FILE = YES;
				MARKETING_VERSION = 1.0;
				PRODUCT_BUNDLE_IDENTIFIER = com.abdullahgenc.ShoppingAppUITests;
				PRODUCT_NAME = "$(TARGET_NAME)";
				SWIFT_EMIT_LOC_STRINGS = NO;
				SWIFT_VERSION = 5.0;
				TARGETED_DEVICE_FAMILY = "1,2";
				TEST_TARGET_NAME = ShoppingApp;
			};
			name = Debug;
		};
		0BE2F6112909534600E2AA92 /* Release */ = {
			isa = XCBuildConfiguration;
			buildSettings = {
				ALWAYS_EMBED_SWIFT_STANDARD_LIBRARIES = YES;
				CODE_SIGN_STYLE = Automatic;
				CURRENT_PROJECT_VERSION = 1;
				DEVELOPMENT_TEAM = LL3JALBUXY;
				GENERATE_INFOPLIST_FILE = YES;
				MARKETING_VERSION = 1.0;
				PRODUCT_BUNDLE_IDENTIFIER = com.abdullahgenc.ShoppingAppUITests;
				PRODUCT_NAME = "$(TARGET_NAME)";
				SWIFT_EMIT_LOC_STRINGS = NO;
				SWIFT_VERSION = 5.0;
				TARGETED_DEVICE_FAMILY = "1,2";
				TEST_TARGET_NAME = ShoppingApp;
			};
			name = Release;
		};
/* End XCBuildConfiguration section */

/* Begin XCConfigurationList section */
		0BE2F5DA2909534500E2AA92 /* Build configuration list for PBXProject "ShoppingApp" */ = {
			isa = XCConfigurationList;
			buildConfigurations = (
				0BE2F6072909534600E2AA92 /* Debug */,
				0BE2F6082909534600E2AA92 /* Release */,
			);
			defaultConfigurationIsVisible = 0;
			defaultConfigurationName = Release;
		};
		0BE2F6092909534600E2AA92 /* Build configuration list for PBXNativeTarget "ShoppingApp" */ = {
			isa = XCConfigurationList;
			buildConfigurations = (
				0BE2F60A2909534600E2AA92 /* Debug */,
				0BE2F60B2909534600E2AA92 /* Release */,
			);
			defaultConfigurationIsVisible = 0;
			defaultConfigurationName = Release;
		};
		0BE2F60C2909534600E2AA92 /* Build configuration list for PBXNativeTarget "ShoppingAppTests" */ = {
			isa = XCConfigurationList;
			buildConfigurations = (
				0BE2F60D2909534600E2AA92 /* Debug */,
				0BE2F60E2909534600E2AA92 /* Release */,
			);
			defaultConfigurationIsVisible = 0;
			defaultConfigurationName = Release;
		};
		0BE2F60F2909534600E2AA92 /* Build configuration list for PBXNativeTarget "ShoppingAppUITests" */ = {
			isa = XCConfigurationList;
			buildConfigurations = (
				0BE2F6102909534600E2AA92 /* Debug */,
				0BE2F6112909534600E2AA92 /* Release */,
			);
			defaultConfigurationIsVisible = 0;
			defaultConfigurationName = Release;
		};
/* End XCConfigurationList section */

/* Begin XCRemoteSwiftPackageReference section */
		0B27D427291708E200CB53CF /* XCRemoteSwiftPackageReference "SnapKit" */ = {
			isa = XCRemoteSwiftPackageReference;
			repositoryURL = "https://github.com/SnapKit/SnapKit.git";
			requirement = {
				kind = upToNextMajorVersion;
				minimumVersion = 5.0.0;
			};
		};
		0BBC71C92918ACAC00E469B2 /* XCRemoteSwiftPackageReference "IQKeyboardManager" */ = {
			isa = XCRemoteSwiftPackageReference;
			repositoryURL = "https://github.com/hackiftekhar/IQKeyboardManager.git";
			requirement = {
				kind = upToNextMajorVersion;
				minimumVersion = 6.5.0;
			};
		};
		0BE6E965290C522800AFCE91 /* XCRemoteSwiftPackageReference "firebase-ios-sdk" */ = {
			isa = XCRemoteSwiftPackageReference;
			repositoryURL = "https://github.com/firebase/firebase-ios-sdk.git";
			requirement = {
				branch = master;
				kind = branch;
			};
		};
		0BE6E99B2910341F00AFCE91 /* XCRemoteSwiftPackageReference "Kingfisher" */ = {
			isa = XCRemoteSwiftPackageReference;
			repositoryURL = "https://github.com/onevcat/Kingfisher.git";
			requirement = {
				kind = upToNextMajorVersion;
				minimumVersion = 7.0.0;
			};
		};
		0BE6E9A029103ABA00AFCE91 /* XCRemoteSwiftPackageReference "Moya" */ = {
			isa = XCRemoteSwiftPackageReference;
			repositoryURL = "https://github.com/Moya/Moya.git";
			requirement = {
				kind = versionRange;
				maximumVersion = 16.0.0;
				minimumVersion = 15.0.0;
			};
		};
/* End XCRemoteSwiftPackageReference section */

/* Begin XCSwiftPackageProductDependency section */
		0B27D428291708E200CB53CF /* SnapKit */ = {
			isa = XCSwiftPackageProductDependency;
			package = 0B27D427291708E200CB53CF /* XCRemoteSwiftPackageReference "SnapKit" */;
			productName = SnapKit;
		};
		0BBC71CA2918ACAC00E469B2 /* IQKeyboardManagerSwift */ = {
			isa = XCSwiftPackageProductDependency;
			package = 0BBC71C92918ACAC00E469B2 /* XCRemoteSwiftPackageReference "IQKeyboardManager" */;
			productName = IQKeyboardManagerSwift;
		};
		0BE6E966290C522800AFCE91 /* FirebaseAuth */ = {
			isa = XCSwiftPackageProductDependency;
			package = 0BE6E965290C522800AFCE91 /* XCRemoteSwiftPackageReference "firebase-ios-sdk" */;
			productName = FirebaseAuth;
		};
		0BE6E968290C522800AFCE91 /* FirebaseFirestoreSwift */ = {
			isa = XCSwiftPackageProductDependency;
			package = 0BE6E965290C522800AFCE91 /* XCRemoteSwiftPackageReference "firebase-ios-sdk" */;
			productName = FirebaseFirestoreSwift;
		};
		0BE6E96A290C522800AFCE91 /* FirebaseRemoteConfigSwift */ = {
			isa = XCSwiftPackageProductDependency;
			package = 0BE6E965290C522800AFCE91 /* XCRemoteSwiftPackageReference "firebase-ios-sdk" */;
			productName = FirebaseRemoteConfigSwift;
		};
		0BE6E96C290C522800AFCE91 /* FirebaseStorage */ = {
			isa = XCSwiftPackageProductDependency;
			package = 0BE6E965290C522800AFCE91 /* XCRemoteSwiftPackageReference "firebase-ios-sdk" */;
			productName = FirebaseStorage;
		};
		0BE6E99C2910341F00AFCE91 /* Kingfisher */ = {
			isa = XCSwiftPackageProductDependency;
			package = 0BE6E99B2910341F00AFCE91 /* XCRemoteSwiftPackageReference "Kingfisher" */;
			productName = Kingfisher;
		};
		0BE6E9A129103ABA00AFCE91 /* Moya */ = {
			isa = XCSwiftPackageProductDependency;
			package = 0BE6E9A029103ABA00AFCE91 /* XCRemoteSwiftPackageReference "Moya" */;
			productName = Moya;
		};
/* End XCSwiftPackageProductDependency section */
	};
	rootObject = 0BE2F5D72909534500E2AA92 /* Project object */;
}
