// !$*UTF8*$!
{
	archiveVersion = 1;
	classes = {
	};
	objectVersion = 56;
	objects = {

/* Begin PBXBuildFile section */
		0B36A87B2909A2CA00E48F80 /* OnboardingViewController.swift in Sources */ = {isa = PBXBuildFile; fileRef = 0B36A8792909A2CA00E48F80 /* OnboardingViewController.swift */; };
		0B36A87C2909A2CA00E48F80 /* OnboardingViewController.xib in Resources */ = {isa = PBXBuildFile; fileRef = 0B36A87A2909A2CA00E48F80 /* OnboardingViewController.xib */; };
		0B36A87E2909A76200E48F80 /* OnboardingView.swift in Sources */ = {isa = PBXBuildFile; fileRef = 0B36A87D2909A76200E48F80 /* OnboardingView.swift */; };
		0B36A8802909A78200E48F80 /* OnboardingView.xib in Resources */ = {isa = PBXBuildFile; fileRef = 0B36A87F2909A78200E48F80 /* OnboardingView.xib */; };
		0BE2F5E32909534500E2AA92 /* AppDelegate.swift in Sources */ = {isa = PBXBuildFile; fileRef = 0BE2F5E22909534500E2AA92 /* AppDelegate.swift */; };
		0BE2F5E52909534500E2AA92 /* SceneDelegate.swift in Sources */ = {isa = PBXBuildFile; fileRef = 0BE2F5E42909534500E2AA92 /* SceneDelegate.swift */; };
		0BE2F5E72909534500E2AA92 /* ViewController.swift in Sources */ = {isa = PBXBuildFile; fileRef = 0BE2F5E62909534500E2AA92 /* ViewController.swift */; };
		0BE2F5EA2909534500E2AA92 /* Main.storyboard in Resources */ = {isa = PBXBuildFile; fileRef = 0BE2F5E82909534500E2AA92 /* Main.storyboard */; };
		0BE2F5EC2909534600E2AA92 /* Assets.xcassets in Resources */ = {isa = PBXBuildFile; fileRef = 0BE2F5EB2909534600E2AA92 /* Assets.xcassets */; };
		0BE2F5EF2909534600E2AA92 /* LaunchScreen.storyboard in Resources */ = {isa = PBXBuildFile; fileRef = 0BE2F5ED2909534600E2AA92 /* LaunchScreen.storyboard */; };
		0BE2F5FA2909534600E2AA92 /* ShoppingAppTests.swift in Sources */ = {isa = PBXBuildFile; fileRef = 0BE2F5F92909534600E2AA92 /* ShoppingAppTests.swift */; };
		0BE2F6042909534600E2AA92 /* ShoppingAppUITests.swift in Sources */ = {isa = PBXBuildFile; fileRef = 0BE2F6032909534600E2AA92 /* ShoppingAppUITests.swift */; };
		0BE2F6062909534600E2AA92 /* ShoppingAppUITestsLaunchTests.swift in Sources */ = {isa = PBXBuildFile; fileRef = 0BE2F6052909534600E2AA92 /* ShoppingAppUITestsLaunchTests.swift */; };
/* End PBXBuildFile section */

/* Begin PBXContainerItemProxy section */
		0BE2F5F62909534600E2AA92 /* PBXContainerItemProxy */ = {
			isa = PBXContainerItemProxy;
			containerPortal = 0BE2F5D72909534500E2AA92 /* Project object */;
			proxyType = 1;
			remoteGlobalIDString = 0BE2F5DE2909534500E2AA92;
			remoteInfo = ShoppingApp;
		};
		0BE2F6002909534600E2AA92 /* PBXContainerItemProxy */ = {
			isa = PBXContainerItemProxy;
			containerPortal = 0BE2F5D72909534500E2AA92 /* Project object */;
			proxyType = 1;
			remoteGlobalIDString = 0BE2F5DE2909534500E2AA92;
			remoteInfo = ShoppingApp;
		};
/* End PBXContainerItemProxy section */

/* Begin PBXFileReference section */
		0B36A8792909A2CA00E48F80 /* OnboardingViewController.swift */ = {isa = PBXFileReference; lastKnownFileType = sourcecode.swift; path = OnboardingViewController.swift; sourceTree = "<group>"; };
		0B36A87A2909A2CA00E48F80 /* OnboardingViewController.xib */ = {isa = PBXFileReference; lastKnownFileType = file.xib; path = OnboardingViewController.xib; sourceTree = "<group>"; };
		0B36A87D2909A76200E48F80 /* OnboardingView.swift */ = {isa = PBXFileReference; lastKnownFileType = sourcecode.swift; path = OnboardingView.swift; sourceTree = "<group>"; };
		0B36A87F2909A78200E48F80 /* OnboardingView.xib */ = {isa = PBXFileReference; lastKnownFileType = file.xib; path = OnboardingView.xib; sourceTree = "<group>"; };
		0BE2F5DF2909534500E2AA92 /* ShoppingApp.app */ = {isa = PBXFileReference; explicitFileType = wrapper.application; includeInIndex = 0; path = ShoppingApp.app; sourceTree = BUILT_PRODUCTS_DIR; };
		0BE2F5E22909534500E2AA92 /* AppDelegate.swift */ = {isa = PBXFileReference; lastKnownFileType = sourcecode.swift; path = AppDelegate.swift; sourceTree = "<group>"; };
		0BE2F5E42909534500E2AA92 /* SceneDelegate.swift */ = {isa = PBXFileReference; lastKnownFileType = sourcecode.swift; path = SceneDelegate.swift; sourceTree = "<group>"; };
		0BE2F5E62909534500E2AA92 /* ViewController.swift */ = {isa = PBXFileReference; lastKnownFileType = sourcecode.swift; path = ViewController.swift; sourceTree = "<group>"; };
		0BE2F5E92909534500E2AA92 /* Base */ = {isa = PBXFileReference; lastKnownFileType = file.storyboard; name = Base; path = Base.lproj/Main.storyboard; sourceTree = "<group>"; };
		0BE2F5EB2909534600E2AA92 /* Assets.xcassets */ = {isa = PBXFileReference; lastKnownFileType = folder.assetcatalog; path = Assets.xcassets; sourceTree = "<group>"; };
		0BE2F5EE2909534600E2AA92 /* Base */ = {isa = PBXFileReference; lastKnownFileType = file.storyboard; name = Base; path = Base.lproj/LaunchScreen.storyboard; sourceTree = "<group>"; };
		0BE2F5F02909534600E2AA92 /* Info.plist */ = {isa = PBXFileReference; lastKnownFileType = text.plist.xml; path = Info.plist; sourceTree = "<group>"; };
		0BE2F5F52909534600E2AA92 /* ShoppingAppTests.xctest */ = {isa = PBXFileReference; explicitFileType = wrapper.cfbundle; includeInIndex = 0; path = ShoppingAppTests.xctest; sourceTree = BUILT_PRODUCTS_DIR; };
		0BE2F5F92909534600E2AA92 /* ShoppingAppTests.swift */ = {isa = PBXFileReference; lastKnownFileType = sourcecode.swift; path = ShoppingAppTests.swift; sourceTree = "<group>"; };
		0BE2F5FF2909534600E2AA92 /* ShoppingAppUITests.xctest */ = {isa = PBXFileReference; explicitFileType = wrapper.cfbundle; includeInIndex = 0; path = ShoppingAppUITests.xctest; sourceTree = BUILT_PRODUCTS_DIR; };
		0BE2F6032909534600E2AA92 /* ShoppingAppUITests.swift */ = {isa = PBXFileReference; lastKnownFileType = sourcecode.swift; path = ShoppingAppUITests.swift; sourceTree = "<group>"; };
		0BE2F6052909534600E2AA92 /* ShoppingAppUITestsLaunchTests.swift */ = {isa = PBXFileReference; lastKnownFileType = sourcecode.swift; path = ShoppingAppUITestsLaunchTests.swift; sourceTree = "<group>"; };
/* End PBXFileReference section */

/* Begin PBXFrameworksBuildPhase section */
		0BE2F5DC2909534500E2AA92 /* Frameworks */ = {
			isa = PBXFrameworksBuildPhase;
			buildActionMask = 2147483647;
			files = (
			);
			runOnlyForDeploymentPostprocessing = 0;
		};
		0BE2F5F22909534600E2AA92 /* Frameworks */ = {
			isa = PBXFrameworksBuildPhase;
			buildActionMask = 2147483647;
			files = (
			);
			runOnlyForDeploymentPostprocessing = 0;
		};
		0BE2F5FC2909534600E2AA92 /* Frameworks */ = {
			isa = PBXFrameworksBuildPhase;
			buildActionMask = 2147483647;
			files = (
			);
			runOnlyForDeploymentPostprocessing = 0;
		};
/* End PBXFrameworksBuildPhase section */

/* Begin PBXGroup section */
		0B36A8762909A27C00E48F80 /* View */ = {
			isa = PBXGroup;
			children = (
				0B36A87A2909A2CA00E48F80 /* OnboardingViewController.xib */,
				0B36A8782909A28A00E48F80 /* OnboardingView */,
			);
			path = View;
			sourceTree = "<group>";
		};
		0B36A8772909A28100E48F80 /* Controller */ = {
			isa = PBXGroup;
			children = (
				0B36A8792909A2CA00E48F80 /* OnboardingViewController.swift */,
			);
			path = Controller;
			sourceTree = "<group>";
		};
		0B36A8782909A28A00E48F80 /* OnboardingView */ = {
			isa = PBXGroup;
			children = (
				0B36A87D2909A76200E48F80 /* OnboardingView.swift */,
				0B36A87F2909A78200E48F80 /* OnboardingView.xib */,
			);
			path = OnboardingView;
			sourceTree = "<group>";
		};
		0BE2F5D62909534500E2AA92 = {
			isa = PBXGroup;
			children = (
				0BE2F5E12909534500E2AA92 /* ShoppingApp */,
				0BE2F5F82909534600E2AA92 /* ShoppingAppTests */,
				0BE2F6022909534600E2AA92 /* ShoppingAppUITests */,
				0BE2F5E02909534500E2AA92 /* Products */,
			);
			sourceTree = "<group>";
		};
		0BE2F5E02909534500E2AA92 /* Products */ = {
			isa = PBXGroup;
			children = (
				0BE2F5DF2909534500E2AA92 /* ShoppingApp.app */,
				0BE2F5F52909534600E2AA92 /* ShoppingAppTests.xctest */,
				0BE2F5FF2909534600E2AA92 /* ShoppingAppUITests.xctest */,
			);
			name = Products;
			sourceTree = "<group>";
		};
		0BE2F5E12909534500E2AA92 /* ShoppingApp */ = {
			isa = PBXGroup;
			children = (
				0BE2F6122909545900E2AA92 /* App */,
				0BE2F6132909548000E2AA92 /* Screens */,
			);
			path = ShoppingApp;
			sourceTree = "<group>";
		};
		0BE2F5F82909534600E2AA92 /* ShoppingAppTests */ = {
			isa = PBXGroup;
			children = (
				0BE2F5F92909534600E2AA92 /* ShoppingAppTests.swift */,
			);
			path = ShoppingAppTests;
			sourceTree = "<group>";
		};
		0BE2F6022909534600E2AA92 /* ShoppingAppUITests */ = {
			isa = PBXGroup;
			children = (
				0BE2F6032909534600E2AA92 /* ShoppingAppUITests.swift */,
				0BE2F6052909534600E2AA92 /* ShoppingAppUITestsLaunchTests.swift */,
			);
			path = ShoppingAppUITests;
			sourceTree = "<group>";
		};
		0BE2F6122909545900E2AA92 /* App */ = {
			isa = PBXGroup;
			children = (
				0BE2F6162909551600E2AA92 /* Assets */,
				0BE2F6152909550D00E2AA92 /* Delegates */,
				0BE2F6172909551E00E2AA92 /* Plists */,
				0BE2F6182909554100E2AA92 /* View */,
			);
			path = App;
			sourceTree = "<group>";
		};
		0BE2F6132909548000E2AA92 /* Screens */ = {
			isa = PBXGroup;
			children = (
				0BE2F61929095DE000E2AA92 /* Onboarding */,
				0BE2F6142909548600E2AA92 /* Initial */,
			);
			path = Screens;
			sourceTree = "<group>";
		};
		0BE2F6142909548600E2AA92 /* Initial */ = {
			isa = PBXGroup;
			children = (
				0BE2F5E62909534500E2AA92 /* ViewController.swift */,
				0BE2F5E82909534500E2AA92 /* Main.storyboard */,
			);
			path = Initial;
			sourceTree = "<group>";
		};
		0BE2F6152909550D00E2AA92 /* Delegates */ = {
			isa = PBXGroup;
			children = (
				0BE2F5E22909534500E2AA92 /* AppDelegate.swift */,
				0BE2F5E42909534500E2AA92 /* SceneDelegate.swift */,
			);
			path = Delegates;
			sourceTree = "<group>";
		};
		0BE2F6162909551600E2AA92 /* Assets */ = {
			isa = PBXGroup;
			children = (
				0BE2F5EB2909534600E2AA92 /* Assets.xcassets */,
			);
			path = Assets;
			sourceTree = "<group>";
		};
		0BE2F6172909551E00E2AA92 /* Plists */ = {
			isa = PBXGroup;
			children = (
				0BE2F5F02909534600E2AA92 /* Info.plist */,
			);
			path = Plists;
			sourceTree = "<group>";
		};
		0BE2F6182909554100E2AA92 /* View */ = {
			isa = PBXGroup;
			children = (
				0BE2F5ED2909534600E2AA92 /* LaunchScreen.storyboard */,
			);
			path = View;
			sourceTree = "<group>";
		};
		0BE2F61929095DE000E2AA92 /* Onboarding */ = {
			isa = PBXGroup;
			children = (
				0B36A8772909A28100E48F80 /* Controller */,
				0B36A8762909A27C00E48F80 /* View */,
			);
			path = Onboarding;
			sourceTree = "<group>";
		};
/* End PBXGroup section */

/* Begin PBXNativeTarget section */
		0BE2F5DE2909534500E2AA92 /* ShoppingApp */ = {
			isa = PBXNativeTarget;
			buildConfigurationList = 0BE2F6092909534600E2AA92 /* Build configuration list for PBXNativeTarget "ShoppingApp" */;
			buildPhases = (
				0BE2F5DB2909534500E2AA92 /* Sources */,
				0BE2F5DC2909534500E2AA92 /* Frameworks */,
				0BE2F5DD2909534500E2AA92 /* Resources */,
			);
			buildRules = (
			);
			dependencies = (
			);
			name = ShoppingApp;
			productName = ShoppingApp;
			productReference = 0BE2F5DF2909534500E2AA92 /* ShoppingApp.app */;
			productType = "com.apple.product-type.application";
		};
		0BE2F5F42909534600E2AA92 /* ShoppingAppTests */ = {
			isa = PBXNativeTarget;
			buildConfigurationList = 0BE2F60C2909534600E2AA92 /* Build configuration list for PBXNativeTarget "ShoppingAppTests" */;
			buildPhases = (
				0BE2F5F12909534600E2AA92 /* Sources */,
				0BE2F5F22909534600E2AA92 /* Frameworks */,
				0BE2F5F32909534600E2AA92 /* Resources */,
			);
			buildRules = (
			);
			dependencies = (
				0BE2F5F72909534600E2AA92 /* PBXTargetDependency */,
			);
			name = ShoppingAppTests;
			productName = ShoppingAppTests;
			productReference = 0BE2F5F52909534600E2AA92 /* ShoppingAppTests.xctest */;
			productType = "com.apple.product-type.bundle.unit-test";
		};
		0BE2F5FE2909534600E2AA92 /* ShoppingAppUITests */ = {
			isa = PBXNativeTarget;
			buildConfigurationList = 0BE2F60F2909534600E2AA92 /* Build configuration list for PBXNativeTarget "ShoppingAppUITests" */;
			buildPhases = (
				0BE2F5FB2909534600E2AA92 /* Sources */,
				0BE2F5FC2909534600E2AA92 /* Frameworks */,
				0BE2F5FD2909534600E2AA92 /* Resources */,
			);
			buildRules = (
			);
			dependencies = (
				0BE2F6012909534600E2AA92 /* PBXTargetDependency */,
			);
			name = ShoppingAppUITests;
			productName = ShoppingAppUITests;
			productReference = 0BE2F5FF2909534600E2AA92 /* ShoppingAppUITests.xctest */;
			productType = "com.apple.product-type.bundle.ui-testing";
		};
/* End PBXNativeTarget section */

/* Begin PBXProject section */
		0BE2F5D72909534500E2AA92 /* Project object */ = {
			isa = PBXProject;
			attributes = {
				BuildIndependentTargetsInParallel = 1;
				LastSwiftUpdateCheck = 1400;
				LastUpgradeCheck = 1400;
				TargetAttributes = {
					0BE2F5DE2909534500E2AA92 = {
						CreatedOnToolsVersion = 14.0.1;
					};
					0BE2F5F42909534600E2AA92 = {
						CreatedOnToolsVersion = 14.0.1;
						TestTargetID = 0BE2F5DE2909534500E2AA92;
					};
					0BE2F5FE2909534600E2AA92 = {
						CreatedOnToolsVersion = 14.0.1;
						TestTargetID = 0BE2F5DE2909534500E2AA92;
					};
				};
			};
			buildConfigurationList = 0BE2F5DA2909534500E2AA92 /* Build configuration list for PBXProject "ShoppingApp" */;
			compatibilityVersion = "Xcode 14.0";
			developmentRegion = en;
			hasScannedForEncodings = 0;
			knownRegions = (
				en,
				Base,
			);
			mainGroup = 0BE2F5D62909534500E2AA92;
			productRefGroup = 0BE2F5E02909534500E2AA92 /* Products */;
			projectDirPath = "";
			projectRoot = "";
			targets = (
				0BE2F5DE2909534500E2AA92 /* ShoppingApp */,
				0BE2F5F42909534600E2AA92 /* ShoppingAppTests */,
				0BE2F5FE2909534600E2AA92 /* ShoppingAppUITests */,
			);
		};
/* End PBXProject section */

/* Begin PBXResourcesBuildPhase section */
		0BE2F5DD2909534500E2AA92 /* Resources */ = {
			isa = PBXResourcesBuildPhase;
			buildActionMask = 2147483647;
			files = (
				0BE2F5EF2909534600E2AA92 /* LaunchScreen.storyboard in Resources */,
				0BE2F5EC2909534600E2AA92 /* Assets.xcassets in Resources */,
				0BE2F5EA2909534500E2AA92 /* Main.storyboard in Resources */,
				0B36A8802909A78200E48F80 /* OnboardingView.xib in Resources */,
				0B36A87C2909A2CA00E48F80 /* OnboardingViewController.xib in Resources */,
			);
			runOnlyForDeploymentPostprocessing = 0;
		};
		0BE2F5F32909534600E2AA92 /* Resources */ = {
			isa = PBXResourcesBuildPhase;
			buildActionMask = 2147483647;
			files = (
			);
			runOnlyForDeploymentPostprocessing = 0;
		};
		0BE2F5FD2909534600E2AA92 /* Resources */ = {
			isa = PBXResourcesBuildPhase;
			buildActionMask = 2147483647;
			files = (
			);
			runOnlyForDeploymentPostprocessing = 0;
		};
/* End PBXResourcesBuildPhase section */

/* Begin PBXSourcesBuildPhase section */
		0BE2F5DB2909534500E2AA92 /* Sources */ = {
			isa = PBXSourcesBuildPhase;
			buildActionMask = 2147483647;
			files = (
				0BE2F5E72909534500E2AA92 /* ViewController.swift in Sources */,
				0BE2F5E32909534500E2AA92 /* AppDelegate.swift in Sources */,
				0BE2F5E52909534500E2AA92 /* SceneDelegate.swift in Sources */,
				0B36A87E2909A76200E48F80 /* OnboardingView.swift in Sources */,
				0B36A87B2909A2CA00E48F80 /* OnboardingViewController.swift in Sources */,
			);
			runOnlyForDeploymentPostprocessing = 0;
		};
		0BE2F5F12909534600E2AA92 /* Sources */ = {
			isa = PBXSourcesBuildPhase;
			buildActionMask = 2147483647;
			files = (
				0BE2F5FA2909534600E2AA92 /* ShoppingAppTests.swift in Sources */,
			);
			runOnlyForDeploymentPostprocessing = 0;
		};
		0BE2F5FB2909534600E2AA92 /* Sources */ = {
			isa = PBXSourcesBuildPhase;
			buildActionMask = 2147483647;
			files = (
				0BE2F6062909534600E2AA92 /* ShoppingAppUITestsLaunchTests.swift in Sources */,
				0BE2F6042909534600E2AA92 /* ShoppingAppUITests.swift in Sources */,
			);
			runOnlyForDeploymentPostprocessing = 0;
		};
/* End PBXSourcesBuildPhase section */

/* Begin PBXTargetDependency section */
		0BE2F5F72909534600E2AA92 /* PBXTargetDependency */ = {
			isa = PBXTargetDependency;
			target = 0BE2F5DE2909534500E2AA92 /* ShoppingApp */;
			targetProxy = 0BE2F5F62909534600E2AA92 /* PBXContainerItemProxy */;
		};
		0BE2F6012909534600E2AA92 /* PBXTargetDependency */ = {
			isa = PBXTargetDependency;
			target = 0BE2F5DE2909534500E2AA92 /* ShoppingApp */;
			targetProxy = 0BE2F6002909534600E2AA92 /* PBXContainerItemProxy */;
		};
/* End PBXTargetDependency section */

/* Begin PBXVariantGroup section */
		0BE2F5E82909534500E2AA92 /* Main.storyboard */ = {
			isa = PBXVariantGroup;
			children = (
				0BE2F5E92909534500E2AA92 /* Base */,
			);
			name = Main.storyboard;
			sourceTree = "<group>";
		};
		0BE2F5ED2909534600E2AA92 /* LaunchScreen.storyboard */ = {
			isa = PBXVariantGroup;
			children = (
				0BE2F5EE2909534600E2AA92 /* Base */,
			);
			name = LaunchScreen.storyboard;
			sourceTree = "<group>";
		};
/* End PBXVariantGroup section */

/* Begin XCBuildConfiguration section */
		0BE2F6072909534600E2AA92 /* Debug */ = {
			isa = XCBuildConfiguration;
			buildSettings = {
				ALWAYS_SEARCH_USER_PATHS = NO;
				CLANG_ANALYZER_NONNULL = YES;
				CLANG_ANALYZER_NUMBER_OBJECT_CONVERSION = YES_AGGRESSIVE;
				CLANG_CXX_LANGUAGE_STANDARD = "gnu++20";
				CLANG_ENABLE_MODULES = YES;
				CLANG_ENABLE_OBJC_ARC = YES;
				CLANG_ENABLE_OBJC_WEAK = YES;
				CLANG_WARN_BLOCK_CAPTURE_AUTORELEASING = YES;
				CLANG_WARN_BOOL_CONVERSION = YES;
				CLANG_WARN_COMMA = YES;
				CLANG_WARN_CONSTANT_CONVERSION = YES;
				CLANG_WARN_DEPRECATED_OBJC_IMPLEMENTATIONS = YES;
				CLANG_WARN_DIRECT_OBJC_ISA_USAGE = YES_ERROR;
				CLANG_WARN_DOCUMENTATION_COMMENTS = YES;
				CLANG_WARN_EMPTY_BODY = YES;
				CLANG_WARN_ENUM_CONVERSION = YES;
				CLANG_WARN_INFINITE_RECURSION = YES;
				CLANG_WARN_INT_CONVERSION = YES;
				CLANG_WARN_NON_LITERAL_NULL_CONVERSION = YES;
				CLANG_WARN_OBJC_IMPLICIT_RETAIN_SELF = YES;
				CLANG_WARN_OBJC_LITERAL_CONVERSION = YES;
				CLANG_WARN_OBJC_ROOT_CLASS = YES_ERROR;
				CLANG_WARN_QUOTED_INCLUDE_IN_FRAMEWORK_HEADER = YES;
				CLANG_WARN_RANGE_LOOP_ANALYSIS = YES;
				CLANG_WARN_STRICT_PROTOTYPES = YES;
				CLANG_WARN_SUSPICIOUS_MOVE = YES;
				CLANG_WARN_UNGUARDED_AVAILABILITY = YES_AGGRESSIVE;
				CLANG_WARN_UNREACHABLE_CODE = YES;
				CLANG_WARN__DUPLICATE_METHOD_MATCH = YES;
				COPY_PHASE_STRIP = NO;
				DEBUG_INFORMATION_FORMAT = dwarf;
				ENABLE_STRICT_OBJC_MSGSEND = YES;
				ENABLE_TESTABILITY = YES;
				GCC_C_LANGUAGE_STANDARD = gnu11;
				GCC_DYNAMIC_NO_PIC = NO;
				GCC_NO_COMMON_BLOCKS = YES;
				GCC_OPTIMIZATION_LEVEL = 0;
				GCC_PREPROCESSOR_DEFINITIONS = (
					"DEBUG=1",
					"$(inherited)",
				);
				GCC_WARN_64_TO_32_BIT_CONVERSION = YES;
				GCC_WARN_ABOUT_RETURN_TYPE = YES_ERROR;
				GCC_WARN_UNDECLARED_SELECTOR = YES;
				GCC_WARN_UNINITIALIZED_AUTOS = YES_AGGRESSIVE;
				GCC_WARN_UNUSED_FUNCTION = YES;
				GCC_WARN_UNUSED_VARIABLE = YES;
				IPHONEOS_DEPLOYMENT_TARGET = 16.0;
				MTL_ENABLE_DEBUG_INFO = INCLUDE_SOURCE;
				MTL_FAST_MATH = YES;
				ONLY_ACTIVE_ARCH = YES;
				SDKROOT = iphoneos;
				SWIFT_ACTIVE_COMPILATION_CONDITIONS = DEBUG;
				SWIFT_OPTIMIZATION_LEVEL = "-Onone";
			};
			name = Debug;
		};
		0BE2F6082909534600E2AA92 /* Release */ = {
			isa = XCBuildConfiguration;
			buildSettings = {
				ALWAYS_SEARCH_USER_PATHS = NO;
				CLANG_ANALYZER_NONNULL = YES;
				CLANG_ANALYZER_NUMBER_OBJECT_CONVERSION = YES_AGGRESSIVE;
				CLANG_CXX_LANGUAGE_STANDARD = "gnu++20";
				CLANG_ENABLE_MODULES = YES;
				CLANG_ENABLE_OBJC_ARC = YES;
				CLANG_ENABLE_OBJC_WEAK = YES;
				CLANG_WARN_BLOCK_CAPTURE_AUTORELEASING = YES;
				CLANG_WARN_BOOL_CONVERSION = YES;
				CLANG_WARN_COMMA = YES;
				CLANG_WARN_CONSTANT_CONVERSION = YES;
				CLANG_WARN_DEPRECATED_OBJC_IMPLEMENTATIONS = YES;
				CLANG_WARN_DIRECT_OBJC_ISA_USAGE = YES_ERROR;
				CLANG_WARN_DOCUMENTATION_COMMENTS = YES;
				CLANG_WARN_EMPTY_BODY = YES;
				CLANG_WARN_ENUM_CONVERSION = YES;
				CLANG_WARN_INFINITE_RECURSION = YES;
				CLANG_WARN_INT_CONVERSION = YES;
				CLANG_WARN_NON_LITERAL_NULL_CONVERSION = YES;
				CLANG_WARN_OBJC_IMPLICIT_RETAIN_SELF = YES;
				CLANG_WARN_OBJC_LITERAL_CONVERSION = YES;
				CLANG_WARN_OBJC_ROOT_CLASS = YES_ERROR;
				CLANG_WARN_QUOTED_INCLUDE_IN_FRAMEWORK_HEADER = YES;
				CLANG_WARN_RANGE_LOOP_ANALYSIS = YES;
				CLANG_WARN_STRICT_PROTOTYPES = YES;
				CLANG_WARN_SUSPICIOUS_MOVE = YES;
				CLANG_WARN_UNGUARDED_AVAILABILITY = YES_AGGRESSIVE;
				CLANG_WARN_UNREACHABLE_CODE = YES;
				CLANG_WARN__DUPLICATE_METHOD_MATCH = YES;
				COPY_PHASE_STRIP = NO;
				DEBUG_INFORMATION_FORMAT = "dwarf-with-dsym";
				ENABLE_NS_ASSERTIONS = NO;
				ENABLE_STRICT_OBJC_MSGSEND = YES;
				GCC_C_LANGUAGE_STANDARD = gnu11;
				GCC_NO_COMMON_BLOCKS = YES;
				GCC_WARN_64_TO_32_BIT_CONVERSION = YES;
				GCC_WARN_ABOUT_RETURN_TYPE = YES_ERROR;
				GCC_WARN_UNDECLARED_SELECTOR = YES;
				GCC_WARN_UNINITIALIZED_AUTOS = YES_AGGRESSIVE;
				GCC_WARN_UNUSED_FUNCTION = YES;
				GCC_WARN_UNUSED_VARIABLE = YES;
				IPHONEOS_DEPLOYMENT_TARGET = 16.0;
				MTL_ENABLE_DEBUG_INFO = NO;
				MTL_FAST_MATH = YES;
				SDKROOT = iphoneos;
				SWIFT_COMPILATION_MODE = wholemodule;
				SWIFT_OPTIMIZATION_LEVEL = "-O";
				VALIDATE_PRODUCT = YES;
			};
			name = Release;
		};
		0BE2F60A2909534600E2AA92 /* Debug */ = {
			isa = XCBuildConfiguration;
			buildSettings = {
				ASSETCATALOG_COMPILER_APPICON_NAME = AppIcon;
				ASSETCATALOG_COMPILER_GLOBAL_ACCENT_COLOR_NAME = AccentColor;
				CODE_SIGN_STYLE = Automatic;
				CURRENT_PROJECT_VERSION = 1;
				DEVELOPMENT_TEAM = LL3JALBUXY;
				GENERATE_INFOPLIST_FILE = YES;
				INFOPLIST_FILE = ShoppingApp/App/Plists/Info.plist;
				INFOPLIST_KEY_CFBundleDisplayName = ShoppingApp;
				INFOPLIST_KEY_LSApplicationCategoryType = "public.app-category.shopping";
				INFOPLIST_KEY_UIApplicationSupportsIndirectInputEvents = YES;
				INFOPLIST_KEY_UILaunchStoryboardName = LaunchScreen;
				INFOPLIST_KEY_UIMainStoryboardFile = Main;
				INFOPLIST_KEY_UISupportedInterfaceOrientations = UIInterfaceOrientationPortrait;
				INFOPLIST_KEY_UISupportedInterfaceOrientations_iPad = "UIInterfaceOrientationLandscapeLeft UIInterfaceOrientationLandscapeRight UIInterfaceOrientationPortrait UIInterfaceOrientationPortraitUpsideDown";
				IPHONEOS_DEPLOYMENT_TARGET = 13.0;
				LD_RUNPATH_SEARCH_PATHS = (
					"$(inherited)",
					"@executable_path/Frameworks",
				);
				MARKETING_VERSION = 0.1;
				PRODUCT_BUNDLE_IDENTIFIER = com.abdullahgenc.ShoppingApp;
				PRODUCT_NAME = "$(TARGET_NAME)";
				SUPPORTED_PLATFORMS = "iphoneos iphonesimulator";
				SUPPORTS_MACCATALYST = NO;
				SUPPORTS_MAC_DESIGNED_FOR_IPHONE_IPAD = NO;
				SWIFT_EMIT_LOC_STRINGS = YES;
				SWIFT_VERSION = 5.0;
				TARGETED_DEVICE_FAMILY = 1;
			};
			name = Debug;
		};
		0BE2F60B2909534600E2AA92 /* Release */ = {
			isa = XCBuildConfiguration;
			buildSettings = {
				ASSETCATALOG_COMPILER_APPICON_NAME = AppIcon;
				ASSETCATALOG_COMPILER_GLOBAL_ACCENT_COLOR_NAME = AccentColor;
				CODE_SIGN_STYLE = Automatic;
				CURRENT_PROJECT_VERSION = 1;
				DEVELOPMENT_TEAM = LL3JALBUXY;
				GENERATE_INFOPLIST_FILE = YES;
				INFOPLIST_FILE = ShoppingApp/App/Plists/Info.plist;
				INFOPLIST_KEY_CFBundleDisplayName = ShoppingApp;
				INFOPLIST_KEY_LSApplicationCategoryType = "public.app-category.shopping";
				INFOPLIST_KEY_UIApplicationSupportsIndirectInputEvents = YES;
				INFOPLIST_KEY_UILaunchStoryboardName = LaunchScreen;
				INFOPLIST_KEY_UIMainStoryboardFile = Main;
				INFOPLIST_KEY_UISupportedInterfaceOrientations = UIInterfaceOrientationPortrait;
				INFOPLIST_KEY_UISupportedInterfaceOrientations_iPad = "UIInterfaceOrientationLandscapeLeft UIInterfaceOrientationLandscapeRight UIInterfaceOrientationPortrait UIInterfaceOrientationPortraitUpsideDown";
				IPHONEOS_DEPLOYMENT_TARGET = 13.0;
				LD_RUNPATH_SEARCH_PATHS = (
					"$(inherited)",
					"@executable_path/Frameworks",
				);
				MARKETING_VERSION = 0.1;
				PRODUCT_BUNDLE_IDENTIFIER = com.abdullahgenc.ShoppingApp;
				PRODUCT_NAME = "$(TARGET_NAME)";
				SUPPORTED_PLATFORMS = "iphoneos iphonesimulator";
				SUPPORTS_MACCATALYST = NO;
				SUPPORTS_MAC_DESIGNED_FOR_IPHONE_IPAD = NO;
				SWIFT_EMIT_LOC_STRINGS = YES;
				SWIFT_VERSION = 5.0;
				TARGETED_DEVICE_FAMILY = 1;
			};
			name = Release;
		};
		0BE2F60D2909534600E2AA92 /* Debug */ = {
			isa = XCBuildConfiguration;
			buildSettings = {
				ALWAYS_EMBED_SWIFT_STANDARD_LIBRARIES = YES;
				BUNDLE_LOADER = "$(TEST_HOST)";
				CODE_SIGN_STYLE = Automatic;
				CURRENT_PROJECT_VERSION = 1;
				DEVELOPMENT_TEAM = LL3JALBUXY;
				GENERATE_INFOPLIST_FILE = YES;
				IPHONEOS_DEPLOYMENT_TARGET = 16.0;
				MARKETING_VERSION = 1.0;
				PRODUCT_BUNDLE_IDENTIFIER = com.abdullahgenc.ShoppingAppTests;
				PRODUCT_NAME = "$(TARGET_NAME)";
				SWIFT_EMIT_LOC_STRINGS = NO;
				SWIFT_VERSION = 5.0;
				TARGETED_DEVICE_FAMILY = "1,2";
				TEST_HOST = "$(BUILT_PRODUCTS_DIR)/ShoppingApp.app/$(BUNDLE_EXECUTABLE_FOLDER_PATH)/ShoppingApp";
			};
			name = Debug;
		};
		0BE2F60E2909534600E2AA92 /* Release */ = {
			isa = XCBuildConfiguration;
			buildSettings = {
				ALWAYS_EMBED_SWIFT_STANDARD_LIBRARIES = YES;
				BUNDLE_LOADER = "$(TEST_HOST)";
				CODE_SIGN_STYLE = Automatic;
				CURRENT_PROJECT_VERSION = 1;
				DEVELOPMENT_TEAM = LL3JALBUXY;
				GENERATE_INFOPLIST_FILE = YES;
				IPHONEOS_DEPLOYMENT_TARGET = 16.0;
				MARKETING_VERSION = 1.0;
				PRODUCT_BUNDLE_IDENTIFIER = com.abdullahgenc.ShoppingAppTests;
				PRODUCT_NAME = "$(TARGET_NAME)";
				SWIFT_EMIT_LOC_STRINGS = NO;
				SWIFT_VERSION = 5.0;
				TARGETED_DEVICE_FAMILY = "1,2";
				TEST_HOST = "$(BUILT_PRODUCTS_DIR)/ShoppingApp.app/$(BUNDLE_EXECUTABLE_FOLDER_PATH)/ShoppingApp";
			};
			name = Release;
		};
		0BE2F6102909534600E2AA92 /* Debug */ = {
			isa = XCBuildConfiguration;
			buildSettings = {
				ALWAYS_EMBED_SWIFT_STANDARD_LIBRARIES = YES;
				CODE_SIGN_STYLE = Automatic;
				CURRENT_PROJECT_VERSION = 1;
				DEVELOPMENT_TEAM = LL3JALBUXY;
				GENERATE_INFOPLIST_FILE = YES;
				MARKETING_VERSION = 1.0;
				PRODUCT_BUNDLE_IDENTIFIER = com.abdullahgenc.ShoppingAppUITests;
				PRODUCT_NAME = "$(TARGET_NAME)";
				SWIFT_EMIT_LOC_STRINGS = NO;
				SWIFT_VERSION = 5.0;
				TARGETED_DEVICE_FAMILY = "1,2";
				TEST_TARGET_NAME = ShoppingApp;
			};
			name = Debug;
		};
		0BE2F6112909534600E2AA92 /* Release */ = {
			isa = XCBuildConfiguration;
			buildSettings = {
				ALWAYS_EMBED_SWIFT_STANDARD_LIBRARIES = YES;
				CODE_SIGN_STYLE = Automatic;
				CURRENT_PROJECT_VERSION = 1;
				DEVELOPMENT_TEAM = LL3JALBUXY;
				GENERATE_INFOPLIST_FILE = YES;
				MARKETING_VERSION = 1.0;
				PRODUCT_BUNDLE_IDENTIFIER = com.abdullahgenc.ShoppingAppUITests;
				PRODUCT_NAME = "$(TARGET_NAME)";
				SWIFT_EMIT_LOC_STRINGS = NO;
				SWIFT_VERSION = 5.0;
				TARGETED_DEVICE_FAMILY = "1,2";
				TEST_TARGET_NAME = ShoppingApp;
			};
			name = Release;
		};
/* End XCBuildConfiguration section */

/* Begin XCConfigurationList section */
		0BE2F5DA2909534500E2AA92 /* Build configuration list for PBXProject "ShoppingApp" */ = {
			isa = XCConfigurationList;
			buildConfigurations = (
				0BE2F6072909534600E2AA92 /* Debug */,
				0BE2F6082909534600E2AA92 /* Release */,
			);
			defaultConfigurationIsVisible = 0;
			defaultConfigurationName = Release;
		};
		0BE2F6092909534600E2AA92 /* Build configuration list for PBXNativeTarget "ShoppingApp" */ = {
			isa = XCConfigurationList;
			buildConfigurations = (
				0BE2F60A2909534600E2AA92 /* Debug */,
				0BE2F60B2909534600E2AA92 /* Release */,
			);
			defaultConfigurationIsVisible = 0;
			defaultConfigurationName = Release;
		};
		0BE2F60C2909534600E2AA92 /* Build configuration list for PBXNativeTarget "ShoppingAppTests" */ = {
			isa = XCConfigurationList;
			buildConfigurations = (
				0BE2F60D2909534600E2AA92 /* Debug */,
				0BE2F60E2909534600E2AA92 /* Release */,
			);
			defaultConfigurationIsVisible = 0;
			defaultConfigurationName = Release;
		};
		0BE2F60F2909534600E2AA92 /* Build configuration list for PBXNativeTarget "ShoppingAppUITests" */ = {
			isa = XCConfigurationList;
			buildConfigurations = (
				0BE2F6102909534600E2AA92 /* Debug */,
				0BE2F6112909534600E2AA92 /* Release */,
			);
			defaultConfigurationIsVisible = 0;
			defaultConfigurationName = Release;
		};
/* End XCConfigurationList section */
	};
	rootObject = 0BE2F5D72909534500E2AA92 /* Project object */;
}
